// !$*UTF8*$!
{
	archiveVersion = 1;
	classes = {
	};
	objectVersion = 51;
	objects = {

/* Begin PBXBuildFile section */
		21295F6F256B069100AD0E30 /* ParkarooApp.swift in Sources */ = {isa = PBXBuildFile; fileRef = 21295F6E256B069100AD0E30 /* ParkarooApp.swift */; };
		21295F71256B069100AD0E30 /* ContentView.swift in Sources */ = {isa = PBXBuildFile; fileRef = 21295F70256B069100AD0E30 /* ContentView.swift */; };
		21295F73256B069100AD0E30 /* Assets.xcassets in Resources */ = {isa = PBXBuildFile; fileRef = 21295F72256B069100AD0E30 /* Assets.xcassets */; };
		21295F76256B069100AD0E30 /* Preview Assets.xcassets in Resources */ = {isa = PBXBuildFile; fileRef = 21295F75256B069100AD0E30 /* Preview Assets.xcassets */; };
		215CCD2B25D06A540071EEA3 /* Pin.swift in Sources */ = {isa = PBXBuildFile; fileRef = 215CCD2A25D06A540071EEA3 /* Pin.swift */; };
		216A7F8E256B077E0009CF30 /* MenuView.swift in Sources */ = {isa = PBXBuildFile; fileRef = 216A7F8D256B077E0009CF30 /* MenuView.swift */; };
		216A7F91256B07AF0009CF30 /* Board1View.swift in Sources */ = {isa = PBXBuildFile; fileRef = 216A7F90256B07AF0009CF30 /* Board1View.swift */; };
		216A7F94256B08100009CF30 /* Board2View.swift in Sources */ = {isa = PBXBuildFile; fileRef = 216A7F93256B08100009CF30 /* Board2View.swift */; };
		216A7F97256B083F0009CF30 /* Board3View.swift in Sources */ = {isa = PBXBuildFile; fileRef = 216A7F96256B083F0009CF30 /* Board3View.swift */; };
		216A7F9A256B08870009CF30 /* FirstLaunchView.swift in Sources */ = {isa = PBXBuildFile; fileRef = 216A7F99256B08870009CF30 /* FirstLaunchView.swift */; };
		216A7F9D256B08B80009CF30 /* GiveView.swift in Sources */ = {isa = PBXBuildFile; fileRef = 216A7F9C256B08B80009CF30 /* GiveView.swift */; };
		216A7FA0256B08FC0009CF30 /* GetView.swift in Sources */ = {isa = PBXBuildFile; fileRef = 216A7F9F256B08FC0009CF30 /* GetView.swift */; };
		216A7FA3256B093E0009CF30 /* MapGiveView.swift in Sources */ = {isa = PBXBuildFile; fileRef = 216A7FA2256B093E0009CF30 /* MapGiveView.swift */; };
		216A7FA6256B096F0009CF30 /* MapGetView.swift in Sources */ = {isa = PBXBuildFile; fileRef = 216A7FA5256B096F0009CF30 /* MapGetView.swift */; };
		216A7FA9256B09B40009CF30 /* GetRequestView.swift in Sources */ = {isa = PBXBuildFile; fileRef = 216A7FA8256B09B40009CF30 /* GetRequestView.swift */; };
		216A7FAC256B09E40009CF30 /* GetConfirmView.swift in Sources */ = {isa = PBXBuildFile; fileRef = 216A7FAB256B09E40009CF30 /* GetConfirmView.swift */; };
		216A7FAF256B0A110009CF30 /* GiveRequestView.swift in Sources */ = {isa = PBXBuildFile; fileRef = 216A7FAE256B0A110009CF30 /* GiveRequestView.swift */; };
		216A7FB2256B0A2E0009CF30 /* GiveConfirmView.swift in Sources */ = {isa = PBXBuildFile; fileRef = 216A7FB1256B0A2E0009CF30 /* GiveConfirmView.swift */; };
		216A7FB5256B0A5D0009CF30 /* LoginView.swift in Sources */ = {isa = PBXBuildFile; fileRef = 216A7FB4256B0A5D0009CF30 /* LoginView.swift */; };
		216A7FB8256B0A7B0009CF30 /* CreditsView.swift in Sources */ = {isa = PBXBuildFile; fileRef = 216A7FB7256B0A7B0009CF30 /* CreditsView.swift */; };
		216A7FBB256B0A9D0009CF30 /* NotificationsView.swift in Sources */ = {isa = PBXBuildFile; fileRef = 216A7FBA256B0A9D0009CF30 /* NotificationsView.swift */; };
		216A7FBE256B0AC10009CF30 /* CharityView.swift in Sources */ = {isa = PBXBuildFile; fileRef = 216A7FBD256B0AC10009CF30 /* CharityView.swift */; };
		216A7FC1256B0AEA0009CF30 /* TutorialView.swift in Sources */ = {isa = PBXBuildFile; fileRef = 216A7FC0256B0AEA0009CF30 /* TutorialView.swift */; };
		216A7FC4256B0B060009CF30 /* HelpView.swift in Sources */ = {isa = PBXBuildFile; fileRef = 216A7FC3256B0B060009CF30 /* HelpView.swift */; };
		21AF56DA25D780A30061D8BC /* IAPManager.swift in Sources */ = {isa = PBXBuildFile; fileRef = 21AF56D925D780A30061D8BC /* IAPManager.swift */; };
		21B29410259EEADD004B8FD3 /* GGRegisterConfirm.swift in Sources */ = {isa = PBXBuildFile; fileRef = 21B2940F259EEADD004B8FD3 /* GGRegisterConfirm.swift */; };
		21B29414259EEB12004B8FD3 /* LocationTransfer.swift in Sources */ = {isa = PBXBuildFile; fileRef = 21B29413259EEB12004B8FD3 /* LocationTransfer.swift */; };
		21B2941B259EEC81004B8FD3 /* UserViewModel.swift in Sources */ = {isa = PBXBuildFile; fileRef = 21B2941A259EEC81004B8FD3 /* UserViewModel.swift */; };
		21B2942625A0D3AF004B8FD3 /* FBAuth.swift in Sources */ = {isa = PBXBuildFile; fileRef = 21B2942425A0D3AE004B8FD3 /* FBAuth.swift */; };
		21B2942725A0D3AF004B8FD3 /* FBAuthError.swift in Sources */ = {isa = PBXBuildFile; fileRef = 21B2942525A0D3AF004B8FD3 /* FBAuthError.swift */; };
		21B2942E25A0D3DE004B8FD3 /* FBUser.swift in Sources */ = {isa = PBXBuildFile; fileRef = 21B2942A25A0D3DD004B8FD3 /* FBUser.swift */; };
		21B2942F25A0D3DE004B8FD3 /* FBFireStoreError.swift in Sources */ = {isa = PBXBuildFile; fileRef = 21B2942B25A0D3DD004B8FD3 /* FBFireStoreError.swift */; };
		21B2943025A0D3DE004B8FD3 /* FBFireStore.swift in Sources */ = {isa = PBXBuildFile; fileRef = 21B2942C25A0D3DE004B8FD3 /* FBFireStore.swift */; };
		21B2943125A0D3DE004B8FD3 /* FBKeys.swift in Sources */ = {isa = PBXBuildFile; fileRef = 21B2942D25A0D3DE004B8FD3 /* FBKeys.swift */; };
		21B2943525A0D8E1004B8FD3 /* UserInfo.swift in Sources */ = {isa = PBXBuildFile; fileRef = 21B2943425A0D8E1004B8FD3 /* UserInfo.swift */; };
		21F0EAE32570A46F0053015C /* SignUpView.swift in Sources */ = {isa = PBXBuildFile; fileRef = 21F0EAE22570A46F0053015C /* SignUpView.swift */; };
		CB0D34562644BB2000F1470B /* GoogleService-Info.plist in Resources */ = {isa = PBXBuildFile; fileRef = CB0D34552644BB2000F1470B /* GoogleService-Info.plist */; };
		CB0D345B2646D86D00F1470B /* Constants.swift in Sources */ = {isa = PBXBuildFile; fileRef = CB0D345A2646D86D00F1470B /* Constants.swift */; };
		CB0D345F2647535C00F1470B /* GiveConfirmView2.swift in Sources */ = {isa = PBXBuildFile; fileRef = CB0D345E2647535C00F1470B /* GiveConfirmView2.swift */; };
		CBA83E6D2648C90900528C7C /* Enums.swift in Sources */ = {isa = PBXBuildFile; fileRef = CBA83E6C2648C90900528C7C /* Enums.swift */; };
		CBA83E6F264A273200528C7C /* RateSellerView.swift in Sources */ = {isa = PBXBuildFile; fileRef = CBA83E6E264A273200528C7C /* RateSellerView.swift */; };
		CBA83E71264C209D00528C7C /* RateBuyerView.swift in Sources */ = {isa = PBXBuildFile; fileRef = CBA83E70264C209D00528C7C /* RateBuyerView.swift */; };
		CBA83E9126540D3200528C7C /* StoreKit.framework in Frameworks */ = {isa = PBXBuildFile; fileRef = CBA83E9026540D3100528C7C /* StoreKit.framework */; };
		CBA83E9426549F2800528C7C /* BuyCreditsView.swift in Sources */ = {isa = PBXBuildFile; fileRef = CBA83E9326549F2800528C7C /* BuyCreditsView.swift */; };
		CBA83E962654ADA400528C7C /* ProductIDs.swift in Sources */ = {isa = PBXBuildFile; fileRef = CBA83E952654ADA400528C7C /* ProductIDs.swift */; };
		CBA83E992655EFE800528C7C /* NotificationsService.swift in Sources */ = {isa = PBXBuildFile; fileRef = CBA83E982655EFE700528C7C /* NotificationsService.swift */; };
		DFC7321F1828D9FE0665BEE5 /* Pods_Parkaroo.framework in Frameworks */ = {isa = PBXBuildFile; fileRef = 5F02FC4294FE77D670D0671A /* Pods_Parkaroo.framework */; };
/* End PBXBuildFile section */

/* Begin PBXFileReference section */
		21295F6B256B069100AD0E30 /* Parkaroo.app */ = {isa = PBXFileReference; explicitFileType = wrapper.application; includeInIndex = 0; path = Parkaroo.app; sourceTree = BUILT_PRODUCTS_DIR; };
		21295F6E256B069100AD0E30 /* ParkarooApp.swift */ = {isa = PBXFileReference; lastKnownFileType = sourcecode.swift; path = ParkarooApp.swift; sourceTree = "<group>"; };
		21295F70256B069100AD0E30 /* ContentView.swift */ = {isa = PBXFileReference; lastKnownFileType = sourcecode.swift; path = ContentView.swift; sourceTree = "<group>"; tabWidth = 4; };
		21295F72256B069100AD0E30 /* Assets.xcassets */ = {isa = PBXFileReference; lastKnownFileType = folder.assetcatalog; path = Assets.xcassets; sourceTree = "<group>"; };
		21295F75256B069100AD0E30 /* Preview Assets.xcassets */ = {isa = PBXFileReference; lastKnownFileType = folder.assetcatalog; path = "Preview Assets.xcassets"; sourceTree = "<group>"; };
		21295F77256B069100AD0E30 /* Info.plist */ = {isa = PBXFileReference; lastKnownFileType = text.plist.xml; path = Info.plist; sourceTree = "<group>"; };
		215CCD2A25D06A540071EEA3 /* Pin.swift */ = {isa = PBXFileReference; lastKnownFileType = sourcecode.swift; path = Pin.swift; sourceTree = "<group>"; };
		216A7F8D256B077E0009CF30 /* MenuView.swift */ = {isa = PBXFileReference; lastKnownFileType = sourcecode.swift; path = MenuView.swift; sourceTree = "<group>"; };
		216A7F90256B07AF0009CF30 /* Board1View.swift */ = {isa = PBXFileReference; lastKnownFileType = sourcecode.swift; path = Board1View.swift; sourceTree = "<group>"; };
		216A7F93256B08100009CF30 /* Board2View.swift */ = {isa = PBXFileReference; lastKnownFileType = sourcecode.swift; path = Board2View.swift; sourceTree = "<group>"; };
		216A7F96256B083F0009CF30 /* Board3View.swift */ = {isa = PBXFileReference; lastKnownFileType = sourcecode.swift; path = Board3View.swift; sourceTree = "<group>"; };
		216A7F99256B08870009CF30 /* FirstLaunchView.swift */ = {isa = PBXFileReference; lastKnownFileType = sourcecode.swift; path = FirstLaunchView.swift; sourceTree = "<group>"; };
		216A7F9C256B08B80009CF30 /* GiveView.swift */ = {isa = PBXFileReference; lastKnownFileType = sourcecode.swift; path = GiveView.swift; sourceTree = "<group>"; };
		216A7F9F256B08FC0009CF30 /* GetView.swift */ = {isa = PBXFileReference; lastKnownFileType = sourcecode.swift; path = GetView.swift; sourceTree = "<group>"; };
		216A7FA2256B093E0009CF30 /* MapGiveView.swift */ = {isa = PBXFileReference; lastKnownFileType = sourcecode.swift; path = MapGiveView.swift; sourceTree = "<group>"; };
		216A7FA5256B096F0009CF30 /* MapGetView.swift */ = {isa = PBXFileReference; lastKnownFileType = sourcecode.swift; path = MapGetView.swift; sourceTree = "<group>"; };
		216A7FA8256B09B40009CF30 /* GetRequestView.swift */ = {isa = PBXFileReference; lastKnownFileType = sourcecode.swift; path = GetRequestView.swift; sourceTree = "<group>"; };
		216A7FAB256B09E40009CF30 /* GetConfirmView.swift */ = {isa = PBXFileReference; lastKnownFileType = sourcecode.swift; path = GetConfirmView.swift; sourceTree = "<group>"; };
		216A7FAE256B0A110009CF30 /* GiveRequestView.swift */ = {isa = PBXFileReference; lastKnownFileType = sourcecode.swift; path = GiveRequestView.swift; sourceTree = "<group>"; };
		216A7FB1256B0A2E0009CF30 /* GiveConfirmView.swift */ = {isa = PBXFileReference; lastKnownFileType = sourcecode.swift; path = GiveConfirmView.swift; sourceTree = "<group>"; };
		216A7FB4256B0A5D0009CF30 /* LoginView.swift */ = {isa = PBXFileReference; lastKnownFileType = sourcecode.swift; path = LoginView.swift; sourceTree = "<group>"; };
		216A7FB7256B0A7B0009CF30 /* CreditsView.swift */ = {isa = PBXFileReference; lastKnownFileType = sourcecode.swift; path = CreditsView.swift; sourceTree = "<group>"; };
		216A7FBA256B0A9D0009CF30 /* NotificationsView.swift */ = {isa = PBXFileReference; lastKnownFileType = sourcecode.swift; path = NotificationsView.swift; sourceTree = "<group>"; };
		216A7FBD256B0AC10009CF30 /* CharityView.swift */ = {isa = PBXFileReference; lastKnownFileType = sourcecode.swift; path = CharityView.swift; sourceTree = "<group>"; };
		216A7FC0256B0AEA0009CF30 /* TutorialView.swift */ = {isa = PBXFileReference; lastKnownFileType = sourcecode.swift; path = TutorialView.swift; sourceTree = "<group>"; };
		216A7FC3256B0B060009CF30 /* HelpView.swift */ = {isa = PBXFileReference; lastKnownFileType = sourcecode.swift; path = HelpView.swift; sourceTree = "<group>"; };
		21AF56D825D77E3C0061D8BC /* Configuration.storekit */ = {isa = PBXFileReference; lastKnownFileType = text; path = Configuration.storekit; sourceTree = "<group>"; };
		21AF56D925D780A30061D8BC /* IAPManager.swift */ = {isa = PBXFileReference; lastKnownFileType = sourcecode.swift; path = IAPManager.swift; sourceTree = "<group>"; };
		21B2940F259EEADD004B8FD3 /* GGRegisterConfirm.swift */ = {isa = PBXFileReference; lastKnownFileType = sourcecode.swift; path = GGRegisterConfirm.swift; sourceTree = "<group>"; };
		21B29413259EEB12004B8FD3 /* LocationTransfer.swift */ = {isa = PBXFileReference; lastKnownFileType = sourcecode.swift; path = LocationTransfer.swift; sourceTree = "<group>"; };
		21B2941A259EEC81004B8FD3 /* UserViewModel.swift */ = {isa = PBXFileReference; lastKnownFileType = sourcecode.swift; path = UserViewModel.swift; sourceTree = "<group>"; };
		21B2942425A0D3AE004B8FD3 /* FBAuth.swift */ = {isa = PBXFileReference; fileEncoding = 4; lastKnownFileType = sourcecode.swift; path = FBAuth.swift; sourceTree = "<group>"; };
		21B2942525A0D3AF004B8FD3 /* FBAuthError.swift */ = {isa = PBXFileReference; fileEncoding = 4; lastKnownFileType = sourcecode.swift; path = FBAuthError.swift; sourceTree = "<group>"; };
		21B2942A25A0D3DD004B8FD3 /* FBUser.swift */ = {isa = PBXFileReference; fileEncoding = 4; lastKnownFileType = sourcecode.swift; path = FBUser.swift; sourceTree = "<group>"; };
		21B2942B25A0D3DD004B8FD3 /* FBFireStoreError.swift */ = {isa = PBXFileReference; fileEncoding = 4; lastKnownFileType = sourcecode.swift; path = FBFireStoreError.swift; sourceTree = "<group>"; };
		21B2942C25A0D3DE004B8FD3 /* FBFireStore.swift */ = {isa = PBXFileReference; fileEncoding = 4; lastKnownFileType = sourcecode.swift; path = FBFireStore.swift; sourceTree = "<group>"; };
		21B2942D25A0D3DE004B8FD3 /* FBKeys.swift */ = {isa = PBXFileReference; fileEncoding = 4; lastKnownFileType = sourcecode.swift; path = FBKeys.swift; sourceTree = "<group>"; };
		21B2943425A0D8E1004B8FD3 /* UserInfo.swift */ = {isa = PBXFileReference; lastKnownFileType = sourcecode.swift; path = UserInfo.swift; sourceTree = "<group>"; };
		21F0EAE22570A46F0053015C /* SignUpView.swift */ = {isa = PBXFileReference; lastKnownFileType = sourcecode.swift; path = SignUpView.swift; sourceTree = "<group>"; };
		5F02FC4294FE77D670D0671A /* Pods_Parkaroo.framework */ = {isa = PBXFileReference; explicitFileType = wrapper.framework; includeInIndex = 0; path = Pods_Parkaroo.framework; sourceTree = BUILT_PRODUCTS_DIR; };
		C76BCD290C9AC820E0CEB197 /* Pods-Parkaroo.debug.xcconfig */ = {isa = PBXFileReference; includeInIndex = 1; lastKnownFileType = text.xcconfig; name = "Pods-Parkaroo.debug.xcconfig"; path = "Target Support Files/Pods-Parkaroo/Pods-Parkaroo.debug.xcconfig"; sourceTree = "<group>"; };
		CB0D34552644BB2000F1470B /* GoogleService-Info.plist */ = {isa = PBXFileReference; fileEncoding = 4; lastKnownFileType = text.plist.xml; name = "GoogleService-Info.plist"; path = "../../../../Downloads/GoogleService-Info.plist"; sourceTree = "<group>"; };
		CB0D345A2646D86D00F1470B /* Constants.swift */ = {isa = PBXFileReference; lastKnownFileType = sourcecode.swift; path = Constants.swift; sourceTree = "<group>"; };
		CB0D345E2647535C00F1470B /* GiveConfirmView2.swift */ = {isa = PBXFileReference; lastKnownFileType = sourcecode.swift; path = GiveConfirmView2.swift; sourceTree = "<group>"; };
		CBA83E6C2648C90900528C7C /* Enums.swift */ = {isa = PBXFileReference; lastKnownFileType = sourcecode.swift; path = Enums.swift; sourceTree = "<group>"; };
		CBA83E6E264A273200528C7C /* RateSellerView.swift */ = {isa = PBXFileReference; lastKnownFileType = sourcecode.swift; path = RateSellerView.swift; sourceTree = "<group>"; };
		CBA83E70264C209D00528C7C /* RateBuyerView.swift */ = {isa = PBXFileReference; lastKnownFileType = sourcecode.swift; path = RateBuyerView.swift; sourceTree = "<group>"; };
		CBA83E9026540D3100528C7C /* StoreKit.framework */ = {isa = PBXFileReference; lastKnownFileType = wrapper.framework; name = StoreKit.framework; path = System/Library/Frameworks/StoreKit.framework; sourceTree = SDKROOT; };
		CBA83E9226540D3E00528C7C /* Parkaroo.entitlements */ = {isa = PBXFileReference; lastKnownFileType = text.plist.entitlements; path = Parkaroo.entitlements; sourceTree = "<group>"; };
		CBA83E9326549F2800528C7C /* BuyCreditsView.swift */ = {isa = PBXFileReference; lastKnownFileType = sourcecode.swift; path = BuyCreditsView.swift; sourceTree = "<group>"; };
		CBA83E952654ADA400528C7C /* ProductIDs.swift */ = {isa = PBXFileReference; lastKnownFileType = sourcecode.swift; path = ProductIDs.swift; sourceTree = "<group>"; };
		CBA83E982655EFE700528C7C /* NotificationsService.swift */ = {isa = PBXFileReference; lastKnownFileType = sourcecode.swift; path = NotificationsService.swift; sourceTree = "<group>"; };
		D0E8FF601DBC9ABC63E12BFE /* Pods-Parkaroo.release.xcconfig */ = {isa = PBXFileReference; includeInIndex = 1; lastKnownFileType = text.xcconfig; name = "Pods-Parkaroo.release.xcconfig"; path = "Target Support Files/Pods-Parkaroo/Pods-Parkaroo.release.xcconfig"; sourceTree = "<group>"; };
/* End PBXFileReference section */

/* Begin PBXFrameworksBuildPhase section */
		21295F68256B069100AD0E30 /* Frameworks */ = {
			isa = PBXFrameworksBuildPhase;
			buildActionMask = 2147483647;
			files = (
				DFC7321F1828D9FE0665BEE5 /* Pods_Parkaroo.framework in Frameworks */,
				CBA83E9126540D3200528C7C /* StoreKit.framework in Frameworks */,
			);
			runOnlyForDeploymentPostprocessing = 0;
		};
/* End PBXFrameworksBuildPhase section */

/* Begin PBXGroup section */
		21295F62256B069100AD0E30 = {
			isa = PBXGroup;
			children = (
				21295F6D256B069100AD0E30 /* Parkaroo */,
				21295F6C256B069100AD0E30 /* Products */,
				4ED3D7D9D92D8D812092FB96 /* Frameworks */,
				A9312FCC92550367C197955A /* Pods */,
			);
			sourceTree = "<group>";
		};
		21295F6C256B069100AD0E30 /* Products */ = {
			isa = PBXGroup;
			children = (
				21295F6B256B069100AD0E30 /* Parkaroo.app */,
			);
			name = Products;
			sourceTree = "<group>";
		};
		21295F6D256B069100AD0E30 /* Parkaroo */ = {
			isa = PBXGroup;
			children = (
				CBA83E9226540D3E00528C7C /* Parkaroo.entitlements */,
				21295F6E256B069100AD0E30 /* ParkarooApp.swift */,
				CBA83E972655EFD500528C7C /* Services */,
				CB0D34592646D85E00F1470B /* Utilities */,
				21AF56D725D77D8F0061D8BC /* InAppPurchases */,
				21B2942325A0D38B004B8FD3 /* Auth */,
				21B2942925A0D3BF004B8FD3 /* Firestore */,
				215CCD2925D069E10071EEA3 /* Models */,
				21B2940E259EEA5B004B8FD3 /* ViewModels */,
				21B2940D259EEA51004B8FD3 /* Views */,
				21295F72256B069100AD0E30 /* Assets.xcassets */,
				21295F77256B069100AD0E30 /* Info.plist */,
				CB0D34552644BB2000F1470B /* GoogleService-Info.plist */,
				21295F74256B069100AD0E30 /* Preview Content */,
			);
			path = Parkaroo;
			sourceTree = "<group>";
		};
		21295F74256B069100AD0E30 /* Preview Content */ = {
			isa = PBXGroup;
			children = (
				21295F75256B069100AD0E30 /* Preview Assets.xcassets */,
			);
			path = "Preview Content";
			sourceTree = "<group>";
		};
		215CCD2925D069E10071EEA3 /* Models */ = {
			isa = PBXGroup;
			children = (
				215CCD2A25D06A540071EEA3 /* Pin.swift */,
			);
			path = Models;
			sourceTree = "<group>";
		};
		21AF56D725D77D8F0061D8BC /* InAppPurchases */ = {
			isa = PBXGroup;
			children = (
				21AF56D825D77E3C0061D8BC /* Configuration.storekit */,
				21AF56D925D780A30061D8BC /* IAPManager.swift */,
				CBA83E952654ADA400528C7C /* ProductIDs.swift */,
			);
			path = InAppPurchases;
			sourceTree = "<group>";
		};
		21B2940D259EEA51004B8FD3 /* Views */ = {
			isa = PBXGroup;
			children = (
				21295F70256B069100AD0E30 /* ContentView.swift */,
				216A7F8D256B077E0009CF30 /* MenuView.swift */,
				216A7F90256B07AF0009CF30 /* Board1View.swift */,
				216A7F93256B08100009CF30 /* Board2View.swift */,
				216A7F96256B083F0009CF30 /* Board3View.swift */,
				216A7F99256B08870009CF30 /* FirstLaunchView.swift */,
				216A7F9C256B08B80009CF30 /* GiveView.swift */,
				216A7F9F256B08FC0009CF30 /* GetView.swift */,
				216A7FA2256B093E0009CF30 /* MapGiveView.swift */,
				216A7FA5256B096F0009CF30 /* MapGetView.swift */,
				216A7FA8256B09B40009CF30 /* GetRequestView.swift */,
				216A7FAB256B09E40009CF30 /* GetConfirmView.swift */,
				216A7FAE256B0A110009CF30 /* GiveRequestView.swift */,
				216A7FB1256B0A2E0009CF30 /* GiveConfirmView.swift */,
				21F0EAE22570A46F0053015C /* SignUpView.swift */,
				216A7FB4256B0A5D0009CF30 /* LoginView.swift */,
				216A7FB7256B0A7B0009CF30 /* CreditsView.swift */,
				216A7FBA256B0A9D0009CF30 /* NotificationsView.swift */,
				216A7FBD256B0AC10009CF30 /* CharityView.swift */,
				216A7FC0256B0AEA0009CF30 /* TutorialView.swift */,
				216A7FC3256B0B060009CF30 /* HelpView.swift */,
				CB0D345E2647535C00F1470B /* GiveConfirmView2.swift */,
				CBA83E6E264A273200528C7C /* RateSellerView.swift */,
				CBA83E70264C209D00528C7C /* RateBuyerView.swift */,
				CBA83E9326549F2800528C7C /* BuyCreditsView.swift */,
			);
			path = Views;
			sourceTree = "<group>";
		};
		21B2940E259EEA5B004B8FD3 /* ViewModels */ = {
			isa = PBXGroup;
			children = (
				21B2940F259EEADD004B8FD3 /* GGRegisterConfirm.swift */,
				21B29413259EEB12004B8FD3 /* LocationTransfer.swift */,
				21B2941A259EEC81004B8FD3 /* UserViewModel.swift */,
			);
			path = ViewModels;
			sourceTree = "<group>";
		};
		21B2942325A0D38B004B8FD3 /* Auth */ = {
			isa = PBXGroup;
			children = (
				21B2942425A0D3AE004B8FD3 /* FBAuth.swift */,
				21B2942525A0D3AF004B8FD3 /* FBAuthError.swift */,
				21B2943425A0D8E1004B8FD3 /* UserInfo.swift */,
			);
			path = Auth;
			sourceTree = "<group>";
		};
		21B2942925A0D3BF004B8FD3 /* Firestore */ = {
			isa = PBXGroup;
			children = (
				21B2942C25A0D3DE004B8FD3 /* FBFireStore.swift */,
				21B2942B25A0D3DD004B8FD3 /* FBFireStoreError.swift */,
				21B2942D25A0D3DE004B8FD3 /* FBKeys.swift */,
				21B2942A25A0D3DD004B8FD3 /* FBUser.swift */,
			);
			path = Firestore;
			sourceTree = "<group>";
		};
		4ED3D7D9D92D8D812092FB96 /* Frameworks */ = {
			isa = PBXGroup;
			children = (
				CBA83E9026540D3100528C7C /* StoreKit.framework */,
				5F02FC4294FE77D670D0671A /* Pods_Parkaroo.framework */,
			);
			name = Frameworks;
			sourceTree = "<group>";
		};
		A9312FCC92550367C197955A /* Pods */ = {
			isa = PBXGroup;
			children = (
				C76BCD290C9AC820E0CEB197 /* Pods-Parkaroo.debug.xcconfig */,
				D0E8FF601DBC9ABC63E12BFE /* Pods-Parkaroo.release.xcconfig */,
			);
			path = Pods;
			sourceTree = "<group>";
		};
		CB0D34592646D85E00F1470B /* Utilities */ = {
			isa = PBXGroup;
			children = (
				CB0D345A2646D86D00F1470B /* Constants.swift */,
				CBA83E6C2648C90900528C7C /* Enums.swift */,
			);
			path = Utilities;
			sourceTree = "<group>";
		};
		CBA83E972655EFD500528C7C /* Services */ = {
			isa = PBXGroup;
			children = (
				CBA83E982655EFE700528C7C /* NotificationsService.swift */,
			);
			path = Services;
			sourceTree = "<group>";
		};
/* End PBXGroup section */

/* Begin PBXNativeTarget section */
		21295F6A256B069100AD0E30 /* Parkaroo */ = {
			isa = PBXNativeTarget;
			buildConfigurationList = 21295F7A256B069100AD0E30 /* Build configuration list for PBXNativeTarget "Parkaroo" */;
			buildPhases = (
				336FE96B65B97092A13B620E /* [CP] Check Pods Manifest.lock */,
				21295F67256B069100AD0E30 /* Sources */,
				21295F68256B069100AD0E30 /* Frameworks */,
				21295F69256B069100AD0E30 /* Resources */,
				49E830119AE93A4FE0FE3751 /* [CP] Embed Pods Frameworks */,
				2148383B25A2447400B5D7AC /* ShellScript */,
			);
			buildRules = (
			);
			dependencies = (
			);
			name = Parkaroo;
			productName = Parkaroo;
			productReference = 21295F6B256B069100AD0E30 /* Parkaroo.app */;
			productType = "com.apple.product-type.application";
		};
/* End PBXNativeTarget section */

/* Begin PBXProject section */
		21295F63256B069100AD0E30 /* Project object */ = {
			isa = PBXProject;
			attributes = {
				LastSwiftUpdateCheck = 1220;
				LastUpgradeCheck = 1220;
				TargetAttributes = {
					21295F6A256B069100AD0E30 = {
						CreatedOnToolsVersion = 12.2;
					};
				};
			};
			buildConfigurationList = 21295F66256B069100AD0E30 /* Build configuration list for PBXProject "Parkaroo" */;
			compatibilityVersion = "Xcode 9.3";
			developmentRegion = en;
			hasScannedForEncodings = 0;
			knownRegions = (
				en,
				Base,
			);
			mainGroup = 21295F62256B069100AD0E30;
			productRefGroup = 21295F6C256B069100AD0E30 /* Products */;
			projectDirPath = "";
			projectRoot = "";
			targets = (
				21295F6A256B069100AD0E30 /* Parkaroo */,
			);
		};
/* End PBXProject section */

/* Begin PBXResourcesBuildPhase section */
		21295F69256B069100AD0E30 /* Resources */ = {
			isa = PBXResourcesBuildPhase;
			buildActionMask = 2147483647;
			files = (
				21295F76256B069100AD0E30 /* Preview Assets.xcassets in Resources */,
				21295F73256B069100AD0E30 /* Assets.xcassets in Resources */,
				CB0D34562644BB2000F1470B /* GoogleService-Info.plist in Resources */,
			);
			runOnlyForDeploymentPostprocessing = 0;
		};
/* End PBXResourcesBuildPhase section */

/* Begin PBXShellScriptBuildPhase section */
		2148383B25A2447400B5D7AC /* ShellScript */ = {
			isa = PBXShellScriptBuildPhase;
			buildActionMask = 2147483647;
			files = (
			);
			inputFileListPaths = (
			);
			inputPaths = (
				"${DWARF_DSYM_FOLDER_PATH}/${DWARF_DSYM_FILE_NAME}/Contents/Resources/DWARF/${TARGET_NAME}",
				"$(SRCROOT)/$(BUILT_PRODUCTS_DIR)/$(INFOPLIST_PATH)",
			);
			outputFileListPaths = (
			);
			outputPaths = (
			);
			runOnlyForDeploymentPostprocessing = 0;
			shellPath = /bin/sh;
			shellScript = "\"${PODS_ROOT}/FirebaseCrashlytics/run\"\n";
		};
		336FE96B65B97092A13B620E /* [CP] Check Pods Manifest.lock */ = {
			isa = PBXShellScriptBuildPhase;
			buildActionMask = 2147483647;
			files = (
			);
			inputFileListPaths = (
			);
			inputPaths = (
				"${PODS_PODFILE_DIR_PATH}/Podfile.lock",
				"${PODS_ROOT}/Manifest.lock",
			);
			name = "[CP] Check Pods Manifest.lock";
			outputFileListPaths = (
			);
			outputPaths = (
				"$(DERIVED_FILE_DIR)/Pods-Parkaroo-checkManifestLockResult.txt",
			);
			runOnlyForDeploymentPostprocessing = 0;
			shellPath = /bin/sh;
			shellScript = "diff \"${PODS_PODFILE_DIR_PATH}/Podfile.lock\" \"${PODS_ROOT}/Manifest.lock\" > /dev/null\nif [ $? != 0 ] ; then\n    # print error to STDERR\n    echo \"error: The sandbox is not in sync with the Podfile.lock. Run 'pod install' or update your CocoaPods installation.\" >&2\n    exit 1\nfi\n# This output is used by Xcode 'outputs' to avoid re-running this script phase.\necho \"SUCCESS\" > \"${SCRIPT_OUTPUT_FILE_0}\"\n";
			showEnvVarsInLog = 0;
		};
		49E830119AE93A4FE0FE3751 /* [CP] Embed Pods Frameworks */ = {
			isa = PBXShellScriptBuildPhase;
			buildActionMask = 2147483647;
			files = (
			);
			inputFileListPaths = (
				"${PODS_ROOT}/Target Support Files/Pods-Parkaroo/Pods-Parkaroo-frameworks-${CONFIGURATION}-input-files.xcfilelist",
			);
			name = "[CP] Embed Pods Frameworks";
			outputFileListPaths = (
				"${PODS_ROOT}/Target Support Files/Pods-Parkaroo/Pods-Parkaroo-frameworks-${CONFIGURATION}-output-files.xcfilelist",
			);
			runOnlyForDeploymentPostprocessing = 0;
			shellPath = /bin/sh;
			shellScript = "\"${PODS_ROOT}/Target Support Files/Pods-Parkaroo/Pods-Parkaroo-frameworks.sh\"\n";
			showEnvVarsInLog = 0;
		};
/* End PBXShellScriptBuildPhase section */

/* Begin PBXSourcesBuildPhase section */
		21295F67256B069100AD0E30 /* Sources */ = {
			isa = PBXSourcesBuildPhase;
			buildActionMask = 2147483647;
			files = (
				CBA83E992655EFE800528C7C /* NotificationsService.swift in Sources */,
				21AF56DA25D780A30061D8BC /* IAPManager.swift in Sources */,
				21B2943025A0D3DE004B8FD3 /* FBFireStore.swift in Sources */,
				21B2942625A0D3AF004B8FD3 /* FBAuth.swift in Sources */,
				21295F71256B069100AD0E30 /* ContentView.swift in Sources */,
				216A7F9A256B08870009CF30 /* FirstLaunchView.swift in Sources */,
				CB0D345F2647535C00F1470B /* GiveConfirmView2.swift in Sources */,
				215CCD2B25D06A540071EEA3 /* Pin.swift in Sources */,
				216A7FA0256B08FC0009CF30 /* GetView.swift in Sources */,
				216A7F97256B083F0009CF30 /* Board3View.swift in Sources */,
				216A7FB5256B0A5D0009CF30 /* LoginView.swift in Sources */,
				216A7FA3256B093E0009CF30 /* MapGiveView.swift in Sources */,
				216A7F8E256B077E0009CF30 /* MenuView.swift in Sources */,
				216A7FA6256B096F0009CF30 /* MapGetView.swift in Sources */,
				21B2941B259EEC81004B8FD3 /* UserViewModel.swift in Sources */,
				21B2943125A0D3DE004B8FD3 /* FBKeys.swift in Sources */,
				216A7FC1256B0AEA0009CF30 /* TutorialView.swift in Sources */,
				216A7F94256B08100009CF30 /* Board2View.swift in Sources */,
				216A7FC4256B0B060009CF30 /* HelpView.swift in Sources */,
				21B2942E25A0D3DE004B8FD3 /* FBUser.swift in Sources */,
				21295F6F256B069100AD0E30 /* ParkarooApp.swift in Sources */,
				216A7FB2256B0A2E0009CF30 /* GiveConfirmView.swift in Sources */,
				21B29414259EEB12004B8FD3 /* LocationTransfer.swift in Sources */,
				21B29410259EEADD004B8FD3 /* GGRegisterConfirm.swift in Sources */,
				CBA83E962654ADA400528C7C /* ProductIDs.swift in Sources */,
				216A7FAC256B09E40009CF30 /* GetConfirmView.swift in Sources */,
				216A7FB8256B0A7B0009CF30 /* CreditsView.swift in Sources */,
				21B2942F25A0D3DE004B8FD3 /* FBFireStoreError.swift in Sources */,
				216A7F91256B07AF0009CF30 /* Board1View.swift in Sources */,
				21F0EAE32570A46F0053015C /* SignUpView.swift in Sources */,
				216A7FBE256B0AC10009CF30 /* CharityView.swift in Sources */,
				216A7F9D256B08B80009CF30 /* GiveView.swift in Sources */,
				216A7FA9256B09B40009CF30 /* GetRequestView.swift in Sources */,
				21B2942725A0D3AF004B8FD3 /* FBAuthError.swift in Sources */,
				CBA83E9426549F2800528C7C /* BuyCreditsView.swift in Sources */,
				CBA83E6D2648C90900528C7C /* Enums.swift in Sources */,
				216A7FAF256B0A110009CF30 /* GiveRequestView.swift in Sources */,
				21B2943525A0D8E1004B8FD3 /* UserInfo.swift in Sources */,
				CBA83E6F264A273200528C7C /* RateSellerView.swift in Sources */,
				216A7FBB256B0A9D0009CF30 /* NotificationsView.swift in Sources */,
				CB0D345B2646D86D00F1470B /* Constants.swift in Sources */,
				CBA83E71264C209D00528C7C /* RateBuyerView.swift in Sources */,
			);
			runOnlyForDeploymentPostprocessing = 0;
		};
/* End PBXSourcesBuildPhase section */

/* Begin XCBuildConfiguration section */
		21295F78256B069100AD0E30 /* Debug */ = {
			isa = XCBuildConfiguration;
			buildSettings = {
				ALWAYS_SEARCH_USER_PATHS = NO;
				CLANG_ANALYZER_NONNULL = YES;
				CLANG_ANALYZER_NUMBER_OBJECT_CONVERSION = YES_AGGRESSIVE;
				CLANG_CXX_LANGUAGE_STANDARD = "gnu++14";
				CLANG_CXX_LIBRARY = "libc++";
				CLANG_ENABLE_MODULES = YES;
				CLANG_ENABLE_OBJC_ARC = YES;
				CLANG_ENABLE_OBJC_WEAK = YES;
				CLANG_WARN_BLOCK_CAPTURE_AUTORELEASING = YES;
				CLANG_WARN_BOOL_CONVERSION = YES;
				CLANG_WARN_COMMA = YES;
				CLANG_WARN_CONSTANT_CONVERSION = YES;
				CLANG_WARN_DEPRECATED_OBJC_IMPLEMENTATIONS = YES;
				CLANG_WARN_DIRECT_OBJC_ISA_USAGE = YES_ERROR;
				CLANG_WARN_DOCUMENTATION_COMMENTS = YES;
				CLANG_WARN_EMPTY_BODY = YES;
				CLANG_WARN_ENUM_CONVERSION = YES;
				CLANG_WARN_INFINITE_RECURSION = YES;
				CLANG_WARN_INT_CONVERSION = YES;
				CLANG_WARN_NON_LITERAL_NULL_CONVERSION = YES;
				CLANG_WARN_OBJC_IMPLICIT_RETAIN_SELF = YES;
				CLANG_WARN_OBJC_LITERAL_CONVERSION = YES;
				CLANG_WARN_OBJC_ROOT_CLASS = YES_ERROR;
				CLANG_WARN_QUOTED_INCLUDE_IN_FRAMEWORK_HEADER = YES;
				CLANG_WARN_RANGE_LOOP_ANALYSIS = YES;
				CLANG_WARN_STRICT_PROTOTYPES = YES;
				CLANG_WARN_SUSPICIOUS_MOVE = YES;
				CLANG_WARN_UNGUARDED_AVAILABILITY = YES_AGGRESSIVE;
				CLANG_WARN_UNREACHABLE_CODE = YES;
				CLANG_WARN__DUPLICATE_METHOD_MATCH = YES;
				COPY_PHASE_STRIP = NO;
				DEBUG_INFORMATION_FORMAT = dwarf;
				ENABLE_STRICT_OBJC_MSGSEND = YES;
				ENABLE_TESTABILITY = YES;
				GCC_C_LANGUAGE_STANDARD = gnu11;
				GCC_DYNAMIC_NO_PIC = NO;
				GCC_NO_COMMON_BLOCKS = YES;
				GCC_OPTIMIZATION_LEVEL = 0;
				GCC_PREPROCESSOR_DEFINITIONS = (
					"DEBUG=1",
					"$(inherited)",
				);
				GCC_WARN_64_TO_32_BIT_CONVERSION = YES;
				GCC_WARN_ABOUT_RETURN_TYPE = YES_ERROR;
				GCC_WARN_UNDECLARED_SELECTOR = YES;
				GCC_WARN_UNINITIALIZED_AUTOS = YES_AGGRESSIVE;
				GCC_WARN_UNUSED_FUNCTION = YES;
				GCC_WARN_UNUSED_VARIABLE = YES;
				IPHONEOS_DEPLOYMENT_TARGET = 13.6;
				MTL_ENABLE_DEBUG_INFO = INCLUDE_SOURCE;
				MTL_FAST_MATH = YES;
				ONLY_ACTIVE_ARCH = YES;
				SDKROOT = iphoneos;
				SWIFT_ACTIVE_COMPILATION_CONDITIONS = DEBUG;
				SWIFT_OPTIMIZATION_LEVEL = "-Onone";
			};
			name = Debug;
		};
		21295F79256B069100AD0E30 /* Release */ = {
			isa = XCBuildConfiguration;
			buildSettings = {
				ALWAYS_SEARCH_USER_PATHS = NO;
				CLANG_ANALYZER_NONNULL = YES;
				CLANG_ANALYZER_NUMBER_OBJECT_CONVERSION = YES_AGGRESSIVE;
				CLANG_CXX_LANGUAGE_STANDARD = "gnu++14";
				CLANG_CXX_LIBRARY = "libc++";
				CLANG_ENABLE_MODULES = YES;
				CLANG_ENABLE_OBJC_ARC = YES;
				CLANG_ENABLE_OBJC_WEAK = YES;
				CLANG_WARN_BLOCK_CAPTURE_AUTORELEASING = YES;
				CLANG_WARN_BOOL_CONVERSION = YES;
				CLANG_WARN_COMMA = YES;
				CLANG_WARN_CONSTANT_CONVERSION = YES;
				CLANG_WARN_DEPRECATED_OBJC_IMPLEMENTATIONS = YES;
				CLANG_WARN_DIRECT_OBJC_ISA_USAGE = YES_ERROR;
				CLANG_WARN_DOCUMENTATION_COMMENTS = YES;
				CLANG_WARN_EMPTY_BODY = YES;
				CLANG_WARN_ENUM_CONVERSION = YES;
				CLANG_WARN_INFINITE_RECURSION = YES;
				CLANG_WARN_INT_CONVERSION = YES;
				CLANG_WARN_NON_LITERAL_NULL_CONVERSION = YES;
				CLANG_WARN_OBJC_IMPLICIT_RETAIN_SELF = YES;
				CLANG_WARN_OBJC_LITERAL_CONVERSION = YES;
				CLANG_WARN_OBJC_ROOT_CLASS = YES_ERROR;
				CLANG_WARN_QUOTED_INCLUDE_IN_FRAMEWORK_HEADER = YES;
				CLANG_WARN_RANGE_LOOP_ANALYSIS = YES;
				CLANG_WARN_STRICT_PROTOTYPES = YES;
				CLANG_WARN_SUSPICIOUS_MOVE = YES;
				CLANG_WARN_UNGUARDED_AVAILABILITY = YES_AGGRESSIVE;
				CLANG_WARN_UNREACHABLE_CODE = YES;
				CLANG_WARN__DUPLICATE_METHOD_MATCH = YES;
				COPY_PHASE_STRIP = NO;
				DEBUG_INFORMATION_FORMAT = "dwarf-with-dsym";
				ENABLE_NS_ASSERTIONS = NO;
				ENABLE_STRICT_OBJC_MSGSEND = YES;
				GCC_C_LANGUAGE_STANDARD = gnu11;
				GCC_NO_COMMON_BLOCKS = YES;
				GCC_WARN_64_TO_32_BIT_CONVERSION = YES;
				GCC_WARN_ABOUT_RETURN_TYPE = YES_ERROR;
				GCC_WARN_UNDECLARED_SELECTOR = YES;
				GCC_WARN_UNINITIALIZED_AUTOS = YES_AGGRESSIVE;
				GCC_WARN_UNUSED_FUNCTION = YES;
				GCC_WARN_UNUSED_VARIABLE = YES;
				IPHONEOS_DEPLOYMENT_TARGET = 13.6;
				MTL_ENABLE_DEBUG_INFO = NO;
				MTL_FAST_MATH = YES;
				SDKROOT = iphoneos;
				SWIFT_COMPILATION_MODE = wholemodule;
				SWIFT_OPTIMIZATION_LEVEL = "-O";
				VALIDATE_PRODUCT = YES;
			};
			name = Release;
		};
		21295F7B256B069100AD0E30 /* Debug */ = {
			isa = XCBuildConfiguration;
			baseConfigurationReference = C76BCD290C9AC820E0CEB197 /* Pods-Parkaroo.debug.xcconfig */;
			buildSettings = {
				ASSETCATALOG_COMPILER_APPICON_NAME = AppIcon;
				ASSETCATALOG_COMPILER_GLOBAL_ACCENT_COLOR_NAME = AccentColor;
				CODE_SIGN_ENTITLEMENTS = Parkaroo/Parkaroo.entitlements;
				CODE_SIGN_IDENTITY = "iPhone Developer";
				CODE_SIGN_STYLE = Manual;
				DEBUG_INFORMATION_FORMAT = "dwarf-with-dsym";
				DEVELOPMENT_ASSET_PATHS = "\"Parkaroo/Preview Content\"";
				DEVELOPMENT_TEAM = VVWUKNQA45;
				ENABLE_PREVIEWS = YES;
				INFOPLIST_FILE = Parkaroo/Info.plist;
				IPHONEOS_DEPLOYMENT_TARGET = 14.0;
				LD_RUNPATH_SEARCH_PATHS = (
					"$(inherited)",
					"@executable_path/Frameworks",
				);
				PRODUCT_BUNDLE_IDENTIFIER = org.parkaroo.maxrome;
				PRODUCT_NAME = "$(TARGET_NAME)";
				PROVISIONING_PROFILE_SPECIFIER = "Development Profile";
				SWIFT_VERSION = 5.0;
				TARGETED_DEVICE_FAMILY = 1;
			};
			name = Debug;
		};
		21295F7C256B069100AD0E30 /* Release */ = {
			isa = XCBuildConfiguration;
			baseConfigurationReference = D0E8FF601DBC9ABC63E12BFE /* Pods-Parkaroo.release.xcconfig */;
			buildSettings = {
				ASSETCATALOG_COMPILER_APPICON_NAME = AppIcon;
				ASSETCATALOG_COMPILER_GLOBAL_ACCENT_COLOR_NAME = AccentColor;
				CODE_SIGN_ENTITLEMENTS = Parkaroo/Parkaroo.entitlements;
				CODE_SIGN_IDENTITY = "iPhone Developer";
				CODE_SIGN_STYLE = Manual;
				DEVELOPMENT_ASSET_PATHS = "\"Parkaroo/Preview Content\"";
				DEVELOPMENT_TEAM = VVWUKNQA45;
				ENABLE_PREVIEWS = YES;
				INFOPLIST_FILE = Parkaroo/Info.plist;
				IPHONEOS_DEPLOYMENT_TARGET = 14.0;
				LD_RUNPATH_SEARCH_PATHS = (
					"$(inherited)",
					"@executable_path/Frameworks",
				);
				PRODUCT_BUNDLE_IDENTIFIER = org.parkaroo.maxrome;
				PRODUCT_NAME = "$(TARGET_NAME)";
				PROVISIONING_PROFILE_SPECIFIER = "Development Profile";
				SWIFT_VERSION = 5.0;
				TARGETED_DEVICE_FAMILY = 1;
			};
			name = Release;
		};
/* End XCBuildConfiguration section */

/* Begin XCConfigurationList section */
		21295F66256B069100AD0E30 /* Build configuration list for PBXProject "Parkaroo" */ = {
			isa = XCConfigurationList;
			buildConfigurations = (
				21295F78256B069100AD0E30 /* Debug */,
				21295F79256B069100AD0E30 /* Release */,
			);
			defaultConfigurationIsVisible = 0;
			defaultConfigurationName = Release;
		};
		21295F7A256B069100AD0E30 /* Build configuration list for PBXNativeTarget "Parkaroo" */ = {
			isa = XCConfigurationList;
			buildConfigurations = (
				21295F7B256B069100AD0E30 /* Debug */,
				21295F7C256B069100AD0E30 /* Release */,
			);
			defaultConfigurationIsVisible = 0;
			defaultConfigurationName = Release;
		};
/* End XCConfigurationList section */
	};
	rootObject = 21295F63256B069100AD0E30 /* Project object */;
}
