// !$*UTF8*$!
{
	archiveVersion = 1;
	classes = {
	};
	objectVersion = 51;
	objects = {

/* Begin PBXBuildFile section */
		21295F73256B069100AD0E30 /* Assets.xcassets in Resources */ = {isa = PBXBuildFile; fileRef = 21295F72256B069100AD0E30 /* Assets.xcassets */; };
		21295F76256B069100AD0E30 /* Preview Assets.xcassets in Resources */ = {isa = PBXBuildFile; fileRef = 21295F75256B069100AD0E30 /* Preview Assets.xcassets */; };
		2142EA7C268EB7870070BFFD /* GoogleService-Info.plist in Resources */ = {isa = PBXBuildFile; fileRef = 2142EA7B268EB7860070BFFD /* GoogleService-Info.plist */; };
		21C146F1269BD7710079BA2D /* IMG_3841.MOV in Resources */ = {isa = PBXBuildFile; fileRef = 21C146F0269BD7710079BA2D /* IMG_3841.MOV */; };
		21EBF2A9266BEFC500102E0F /* SellerCanceledView.swift in Sources */ = {isa = PBXBuildFile; fileRef = 21EBF2A3266BEFC400102E0F /* SellerCanceledView.swift */; };
		21EBF2AA266BEFC500102E0F /* MapGetView.swift in Sources */ = {isa = PBXBuildFile; fileRef = 21EBF2A4266BEFC400102E0F /* MapGetView.swift */; };
		21EBF2AB266BEFC500102E0F /* GetView.swift in Sources */ = {isa = PBXBuildFile; fileRef = 21EBF2A5266BEFC400102E0F /* GetView.swift */; };
		21EBF2AC266BEFC500102E0F /* RateSellerView.swift in Sources */ = {isa = PBXBuildFile; fileRef = 21EBF2A6266BEFC400102E0F /* RateSellerView.swift */; };
		21EBF2AD266BEFC500102E0F /* GetConfirmView.swift in Sources */ = {isa = PBXBuildFile; fileRef = 21EBF2A7266BEFC500102E0F /* GetConfirmView.swift */; };
		21EBF2AE266BEFC500102E0F /* GetRequestView.swift in Sources */ = {isa = PBXBuildFile; fileRef = 21EBF2A8266BEFC500102E0F /* GetRequestView.swift */; };
		21EBF2B5266BEFE600102E0F /* GiveRequestView.swift in Sources */ = {isa = PBXBuildFile; fileRef = 21EBF2B0266BEFE600102E0F /* GiveRequestView.swift */; };
		21EBF2B6266BEFE600102E0F /* GiveConfirmView.swift in Sources */ = {isa = PBXBuildFile; fileRef = 21EBF2B1266BEFE600102E0F /* GiveConfirmView.swift */; };
		21EBF2B7266BEFE600102E0F /* MapGiveView.swift in Sources */ = {isa = PBXBuildFile; fileRef = 21EBF2B2266BEFE600102E0F /* MapGiveView.swift */; };
		21EBF2B8266BEFE600102E0F /* RateBuyerView.swift in Sources */ = {isa = PBXBuildFile; fileRef = 21EBF2B3266BEFE600102E0F /* RateBuyerView.swift */; };
		21EBF2B9266BEFE600102E0F /* GiveView.swift in Sources */ = {isa = PBXBuildFile; fileRef = 21EBF2B4266BEFE600102E0F /* GiveView.swift */; };
		21EBF2C0266BF03A00102E0F /* TutorialView.swift in Sources */ = {isa = PBXBuildFile; fileRef = 21EBF2BB266BF03A00102E0F /* TutorialView.swift */; };
		21EBF2C1266BF03A00102E0F /* CreditsView.swift in Sources */ = {isa = PBXBuildFile; fileRef = 21EBF2BC266BF03A00102E0F /* CreditsView.swift */; };
		21EBF2C2266BF03A00102E0F /* MenuView.swift in Sources */ = {isa = PBXBuildFile; fileRef = 21EBF2BD266BF03A00102E0F /* MenuView.swift */; };
		21EBF2C3266BF03A00102E0F /* SignUpView.swift in Sources */ = {isa = PBXBuildFile; fileRef = 21EBF2BE266BF03A00102E0F /* SignUpView.swift */; };
		21EBF2C4266BF03A00102E0F /* LoginView.swift in Sources */ = {isa = PBXBuildFile; fileRef = 21EBF2BF266BF03A00102E0F /* LoginView.swift */; };
		21EBF2D6266BF0A800102E0F /* LaunchScreen.storyboard in Resources */ = {isa = PBXBuildFile; fileRef = 21EBF2D1266BF0A800102E0F /* LaunchScreen.storyboard */; };
		21EBF2D7266BF0A800102E0F /* FirstLaunchView.swift in Sources */ = {isa = PBXBuildFile; fileRef = 21EBF2D2266BF0A800102E0F /* FirstLaunchView.swift */; };
		21EBF2D8266BF0A800102E0F /* Board2View.swift in Sources */ = {isa = PBXBuildFile; fileRef = 21EBF2D3266BF0A800102E0F /* Board2View.swift */; };
		21EBF2D9266BF0A800102E0F /* Board1View.swift in Sources */ = {isa = PBXBuildFile; fileRef = 21EBF2D4266BF0A800102E0F /* Board1View.swift */; };
		21EBF2DA266BF0A800102E0F /* Board3View.swift in Sources */ = {isa = PBXBuildFile; fileRef = 21EBF2D5266BF0A800102E0F /* Board3View.swift */; };
		21EBF2DC266BF0CB00102E0F /* ParkarooApp.swift in Sources */ = {isa = PBXBuildFile; fileRef = 21EBF2DB266BF0CB00102E0F /* ParkarooApp.swift */; };
		21EBF2DF266BF11300102E0F /* LocationService.swift in Sources */ = {isa = PBXBuildFile; fileRef = 21EBF2DD266BF11300102E0F /* LocationService.swift */; };
		21EBF2E0266BF11300102E0F /* NotificationsService.swift in Sources */ = {isa = PBXBuildFile; fileRef = 21EBF2DE266BF11300102E0F /* NotificationsService.swift */; };
		21EBF2E3266BF12400102E0F /* Constants.swift in Sources */ = {isa = PBXBuildFile; fileRef = 21EBF2E1266BF12300102E0F /* Constants.swift */; };
		21EBF2E4266BF12400102E0F /* Enums.swift in Sources */ = {isa = PBXBuildFile; fileRef = 21EBF2E2266BF12400102E0F /* Enums.swift */; };
		21EBF2E7266BF13400102E0F /* ProductIDs.swift in Sources */ = {isa = PBXBuildFile; fileRef = 21EBF2E5266BF13400102E0F /* ProductIDs.swift */; };
		21EBF2E8266BF13400102E0F /* IAPManager.swift in Sources */ = {isa = PBXBuildFile; fileRef = 21EBF2E6266BF13400102E0F /* IAPManager.swift */; };
		21EBF2EC266BF15000102E0F /* UserInfo.swift in Sources */ = {isa = PBXBuildFile; fileRef = 21EBF2E9266BF15000102E0F /* UserInfo.swift */; };
		21EBF2ED266BF15000102E0F /* FBAuthError.swift in Sources */ = {isa = PBXBuildFile; fileRef = 21EBF2EA266BF15000102E0F /* FBAuthError.swift */; };
		21EBF2EE266BF15000102E0F /* FBAuth.swift in Sources */ = {isa = PBXBuildFile; fileRef = 21EBF2EB266BF15000102E0F /* FBAuth.swift */; };
		21EBF2F3266BF16600102E0F /* FBFireStoreError.swift in Sources */ = {isa = PBXBuildFile; fileRef = 21EBF2EF266BF16600102E0F /* FBFireStoreError.swift */; };
		21EBF2F4266BF16600102E0F /* FBUser.swift in Sources */ = {isa = PBXBuildFile; fileRef = 21EBF2F0266BF16600102E0F /* FBUser.swift */; };
		21EBF2F5266BF16600102E0F /* FBKeys.swift in Sources */ = {isa = PBXBuildFile; fileRef = 21EBF2F1266BF16600102E0F /* FBKeys.swift */; };
		21EBF2F6266BF16600102E0F /* FBFireStore.swift in Sources */ = {isa = PBXBuildFile; fileRef = 21EBF2F2266BF16600102E0F /* FBFireStore.swift */; };
		21EBF2F8266BF17500102E0F /* Pin.swift in Sources */ = {isa = PBXBuildFile; fileRef = 21EBF2F7266BF17500102E0F /* Pin.swift */; };
		21EBF2FC266BF18900102E0F /* GGRegisterConfirm.swift in Sources */ = {isa = PBXBuildFile; fileRef = 21EBF2F9266BF18900102E0F /* GGRegisterConfirm.swift */; };
		21EBF2FD266BF18900102E0F /* UserViewModel.swift in Sources */ = {isa = PBXBuildFile; fileRef = 21EBF2FA266BF18900102E0F /* UserViewModel.swift */; };
		21EBF2FE266BF18900102E0F /* LocationTransfer.swift in Sources */ = {isa = PBXBuildFile; fileRef = 21EBF2FB266BF18900102E0F /* LocationTransfer.swift */; };
		21EBF300266BF2B600102E0F /* ContentView.swift in Sources */ = {isa = PBXBuildFile; fileRef = 21EBF2FF266BF2B600102E0F /* ContentView.swift */; };
		21EBF307266BF46B00102E0F /* AppReviewRequest.swift in Sources */ = {isa = PBXBuildFile; fileRef = 21EBF302266BF46B00102E0F /* AppReviewRequest.swift */; };
		21EBF308266BF46B00102E0F /* ActivityIndicatorView.swift in Sources */ = {isa = PBXBuildFile; fileRef = 21EBF303266BF46B00102E0F /* ActivityIndicatorView.swift */; };
		21EBF309266BF46B00102E0F /* RatingView.swift in Sources */ = {isa = PBXBuildFile; fileRef = 21EBF304266BF46B00102E0F /* RatingView.swift */; };
		21EBF30A266BF46B00102E0F /* NotificationsSheet.swift in Sources */ = {isa = PBXBuildFile; fileRef = 21EBF305266BF46B00102E0F /* NotificationsSheet.swift */; };
		21EBF30B266BF46B00102E0F /* WifiView.swift in Sources */ = {isa = PBXBuildFile; fileRef = 21EBF306266BF46B00102E0F /* WifiView.swift */; };
		21EBF314266BF4DD00102E0F /* CharityView.swift in Sources */ = {isa = PBXBuildFile; fileRef = 21EBF30D266BF4DC00102E0F /* CharityView.swift */; };
		21EBF315266BF4DD00102E0F /* MailView.swift in Sources */ = {isa = PBXBuildFile; fileRef = 21EBF30E266BF4DC00102E0F /* MailView.swift */; };
		21EBF318266BF4DD00102E0F /* SettingsView.swift in Sources */ = {isa = PBXBuildFile; fileRef = 21EBF311266BF4DD00102E0F /* SettingsView.swift */; };
		21EBF319266BF4DD00102E0F /* FAQSView.swift in Sources */ = {isa = PBXBuildFile; fileRef = 21EBF312266BF4DD00102E0F /* FAQSView.swift */; };
		CBA83E9126540D3200528C7C /* StoreKit.framework in Frameworks */ = {isa = PBXBuildFile; fileRef = CBA83E9026540D3100528C7C /* StoreKit.framework */; };
		DFC7321F1828D9FE0665BEE5 /* Pods_Parkaroo.framework in Frameworks */ = {isa = PBXBuildFile; fileRef = 5F02FC4294FE77D670D0671A /* Pods_Parkaroo.framework */; };
		F700ED1726952CC600061AFF /* CreditsViewModel.swift in Sources */ = {isa = PBXBuildFile; fileRef = F700ED1626952CC600061AFF /* CreditsViewModel.swift */; };
		F700ED1926952CF300061AFF /* StripePaymentSheetPreparationResponse.swift in Sources */ = {isa = PBXBuildFile; fileRef = F700ED1826952CF300061AFF /* StripePaymentSheetPreparationResponse.swift */; };
/* End PBXBuildFile section */

/* Begin PBXFileReference section */
		21295F6B256B069100AD0E30 /* Parkaroo.app */ = {isa = PBXFileReference; explicitFileType = wrapper.application; includeInIndex = 0; path = Parkaroo.app; sourceTree = BUILT_PRODUCTS_DIR; };
		21295F72256B069100AD0E30 /* Assets.xcassets */ = {isa = PBXFileReference; lastKnownFileType = folder.assetcatalog; path = Assets.xcassets; sourceTree = "<group>"; };
		21295F75256B069100AD0E30 /* Preview Assets.xcassets */ = {isa = PBXFileReference; lastKnownFileType = folder.assetcatalog; path = "Preview Assets.xcassets"; sourceTree = "<group>"; };
		2142EA7B268EB7860070BFFD /* GoogleService-Info.plist */ = {isa = PBXFileReference; fileEncoding = 4; lastKnownFileType = text.plist.xml; path = "GoogleService-Info.plist"; sourceTree = "<group>"; };
		21C146F0269BD7710079BA2D /* IMG_3841.MOV */ = {isa = PBXFileReference; lastKnownFileType = video.quicktime; path = IMG_3841.MOV; sourceTree = "<group>"; };
		21EBF22C266BECD500102E0F /* Parkaroo.entitlements */ = {isa = PBXFileReference; lastKnownFileType = text.plist.entitlements; path = Parkaroo.entitlements; sourceTree = "<group>"; };
		21EBF2A3266BEFC400102E0F /* SellerCanceledView.swift */ = {isa = PBXFileReference; fileEncoding = 4; lastKnownFileType = sourcecode.swift; path = SellerCanceledView.swift; sourceTree = "<group>"; };
		21EBF2A4266BEFC400102E0F /* MapGetView.swift */ = {isa = PBXFileReference; fileEncoding = 4; lastKnownFileType = sourcecode.swift; path = MapGetView.swift; sourceTree = "<group>"; };
		21EBF2A5266BEFC400102E0F /* GetView.swift */ = {isa = PBXFileReference; fileEncoding = 4; lastKnownFileType = sourcecode.swift; path = GetView.swift; sourceTree = "<group>"; };
		21EBF2A6266BEFC400102E0F /* RateSellerView.swift */ = {isa = PBXFileReference; fileEncoding = 4; lastKnownFileType = sourcecode.swift; path = RateSellerView.swift; sourceTree = "<group>"; };
		21EBF2A7266BEFC500102E0F /* GetConfirmView.swift */ = {isa = PBXFileReference; fileEncoding = 4; lastKnownFileType = sourcecode.swift; path = GetConfirmView.swift; sourceTree = "<group>"; };
		21EBF2A8266BEFC500102E0F /* GetRequestView.swift */ = {isa = PBXFileReference; fileEncoding = 4; lastKnownFileType = sourcecode.swift; path = GetRequestView.swift; sourceTree = "<group>"; };
		21EBF2B0266BEFE600102E0F /* GiveRequestView.swift */ = {isa = PBXFileReference; fileEncoding = 4; lastKnownFileType = sourcecode.swift; path = GiveRequestView.swift; sourceTree = "<group>"; };
		21EBF2B1266BEFE600102E0F /* GiveConfirmView.swift */ = {isa = PBXFileReference; fileEncoding = 4; lastKnownFileType = sourcecode.swift; path = GiveConfirmView.swift; sourceTree = "<group>"; };
		21EBF2B2266BEFE600102E0F /* MapGiveView.swift */ = {isa = PBXFileReference; fileEncoding = 4; lastKnownFileType = sourcecode.swift; path = MapGiveView.swift; sourceTree = "<group>"; };
		21EBF2B3266BEFE600102E0F /* RateBuyerView.swift */ = {isa = PBXFileReference; fileEncoding = 4; lastKnownFileType = sourcecode.swift; path = RateBuyerView.swift; sourceTree = "<group>"; };
		21EBF2B4266BEFE600102E0F /* GiveView.swift */ = {isa = PBXFileReference; fileEncoding = 4; lastKnownFileType = sourcecode.swift; path = GiveView.swift; sourceTree = "<group>"; };
		21EBF2BB266BF03A00102E0F /* TutorialView.swift */ = {isa = PBXFileReference; fileEncoding = 4; lastKnownFileType = sourcecode.swift; path = TutorialView.swift; sourceTree = "<group>"; };
		21EBF2BC266BF03A00102E0F /* CreditsView.swift */ = {isa = PBXFileReference; fileEncoding = 4; lastKnownFileType = sourcecode.swift; path = CreditsView.swift; sourceTree = "<group>"; };
		21EBF2BD266BF03A00102E0F /* MenuView.swift */ = {isa = PBXFileReference; fileEncoding = 4; lastKnownFileType = sourcecode.swift; path = MenuView.swift; sourceTree = "<group>"; };
		21EBF2BE266BF03A00102E0F /* SignUpView.swift */ = {isa = PBXFileReference; fileEncoding = 4; lastKnownFileType = sourcecode.swift; path = SignUpView.swift; sourceTree = "<group>"; };
		21EBF2BF266BF03A00102E0F /* LoginView.swift */ = {isa = PBXFileReference; fileEncoding = 4; lastKnownFileType = sourcecode.swift; path = LoginView.swift; sourceTree = "<group>"; };
		21EBF2D1266BF0A800102E0F /* LaunchScreen.storyboard */ = {isa = PBXFileReference; fileEncoding = 4; lastKnownFileType = file.storyboard; path = LaunchScreen.storyboard; sourceTree = "<group>"; };
		21EBF2D2266BF0A800102E0F /* FirstLaunchView.swift */ = {isa = PBXFileReference; fileEncoding = 4; lastKnownFileType = sourcecode.swift; path = FirstLaunchView.swift; sourceTree = "<group>"; };
		21EBF2D3266BF0A800102E0F /* Board2View.swift */ = {isa = PBXFileReference; fileEncoding = 4; lastKnownFileType = sourcecode.swift; path = Board2View.swift; sourceTree = "<group>"; };
		21EBF2D4266BF0A800102E0F /* Board1View.swift */ = {isa = PBXFileReference; fileEncoding = 4; lastKnownFileType = sourcecode.swift; path = Board1View.swift; sourceTree = "<group>"; };
		21EBF2D5266BF0A800102E0F /* Board3View.swift */ = {isa = PBXFileReference; fileEncoding = 4; lastKnownFileType = sourcecode.swift; path = Board3View.swift; sourceTree = "<group>"; };
		21EBF2DB266BF0CB00102E0F /* ParkarooApp.swift */ = {isa = PBXFileReference; fileEncoding = 4; lastKnownFileType = sourcecode.swift; path = ParkarooApp.swift; sourceTree = "<group>"; };
		21EBF2DD266BF11300102E0F /* LocationService.swift */ = {isa = PBXFileReference; fileEncoding = 4; lastKnownFileType = sourcecode.swift; path = LocationService.swift; sourceTree = "<group>"; };
		21EBF2DE266BF11300102E0F /* NotificationsService.swift */ = {isa = PBXFileReference; fileEncoding = 4; lastKnownFileType = sourcecode.swift; path = NotificationsService.swift; sourceTree = "<group>"; };
		21EBF2E1266BF12300102E0F /* Constants.swift */ = {isa = PBXFileReference; fileEncoding = 4; lastKnownFileType = sourcecode.swift; path = Constants.swift; sourceTree = "<group>"; };
		21EBF2E2266BF12400102E0F /* Enums.swift */ = {isa = PBXFileReference; fileEncoding = 4; lastKnownFileType = sourcecode.swift; path = Enums.swift; sourceTree = "<group>"; };
		21EBF2E5266BF13400102E0F /* ProductIDs.swift */ = {isa = PBXFileReference; fileEncoding = 4; lastKnownFileType = sourcecode.swift; path = ProductIDs.swift; sourceTree = "<group>"; };
		21EBF2E6266BF13400102E0F /* IAPManager.swift */ = {isa = PBXFileReference; fileEncoding = 4; lastKnownFileType = sourcecode.swift; path = IAPManager.swift; sourceTree = "<group>"; };
		21EBF2E9266BF15000102E0F /* UserInfo.swift */ = {isa = PBXFileReference; fileEncoding = 4; lastKnownFileType = sourcecode.swift; path = UserInfo.swift; sourceTree = "<group>"; };
		21EBF2EA266BF15000102E0F /* FBAuthError.swift */ = {isa = PBXFileReference; fileEncoding = 4; lastKnownFileType = sourcecode.swift; path = FBAuthError.swift; sourceTree = "<group>"; };
		21EBF2EB266BF15000102E0F /* FBAuth.swift */ = {isa = PBXFileReference; fileEncoding = 4; lastKnownFileType = sourcecode.swift; path = FBAuth.swift; sourceTree = "<group>"; };
		21EBF2EF266BF16600102E0F /* FBFireStoreError.swift */ = {isa = PBXFileReference; fileEncoding = 4; lastKnownFileType = sourcecode.swift; path = FBFireStoreError.swift; sourceTree = "<group>"; };
		21EBF2F0266BF16600102E0F /* FBUser.swift */ = {isa = PBXFileReference; fileEncoding = 4; lastKnownFileType = sourcecode.swift; path = FBUser.swift; sourceTree = "<group>"; };
		21EBF2F1266BF16600102E0F /* FBKeys.swift */ = {isa = PBXFileReference; fileEncoding = 4; lastKnownFileType = sourcecode.swift; path = FBKeys.swift; sourceTree = "<group>"; };
		21EBF2F2266BF16600102E0F /* FBFireStore.swift */ = {isa = PBXFileReference; fileEncoding = 4; lastKnownFileType = sourcecode.swift; path = FBFireStore.swift; sourceTree = "<group>"; };
		21EBF2F7266BF17500102E0F /* Pin.swift */ = {isa = PBXFileReference; fileEncoding = 4; lastKnownFileType = sourcecode.swift; path = Pin.swift; sourceTree = "<group>"; };
		21EBF2F9266BF18900102E0F /* GGRegisterConfirm.swift */ = {isa = PBXFileReference; fileEncoding = 4; lastKnownFileType = sourcecode.swift; path = GGRegisterConfirm.swift; sourceTree = "<group>"; };
		21EBF2FA266BF18900102E0F /* UserViewModel.swift */ = {isa = PBXFileReference; fileEncoding = 4; lastKnownFileType = sourcecode.swift; path = UserViewModel.swift; sourceTree = "<group>"; };
		21EBF2FB266BF18900102E0F /* LocationTransfer.swift */ = {isa = PBXFileReference; fileEncoding = 4; lastKnownFileType = sourcecode.swift; path = LocationTransfer.swift; sourceTree = "<group>"; };
		21EBF2FF266BF2B600102E0F /* ContentView.swift */ = {isa = PBXFileReference; fileEncoding = 4; lastKnownFileType = sourcecode.swift; path = ContentView.swift; sourceTree = "<group>"; };
		21EBF302266BF46B00102E0F /* AppReviewRequest.swift */ = {isa = PBXFileReference; fileEncoding = 4; lastKnownFileType = sourcecode.swift; path = AppReviewRequest.swift; sourceTree = "<group>"; };
		21EBF303266BF46B00102E0F /* ActivityIndicatorView.swift */ = {isa = PBXFileReference; fileEncoding = 4; lastKnownFileType = sourcecode.swift; path = ActivityIndicatorView.swift; sourceTree = "<group>"; };
		21EBF304266BF46B00102E0F /* RatingView.swift */ = {isa = PBXFileReference; fileEncoding = 4; lastKnownFileType = sourcecode.swift; path = RatingView.swift; sourceTree = "<group>"; };
		21EBF305266BF46B00102E0F /* NotificationsSheet.swift */ = {isa = PBXFileReference; fileEncoding = 4; lastKnownFileType = sourcecode.swift; path = NotificationsSheet.swift; sourceTree = "<group>"; };
		21EBF306266BF46B00102E0F /* WifiView.swift */ = {isa = PBXFileReference; fileEncoding = 4; lastKnownFileType = sourcecode.swift; path = WifiView.swift; sourceTree = "<group>"; };
		21EBF30D266BF4DC00102E0F /* CharityView.swift */ = {isa = PBXFileReference; fileEncoding = 4; lastKnownFileType = sourcecode.swift; path = CharityView.swift; sourceTree = "<group>"; };
		21EBF30E266BF4DC00102E0F /* MailView.swift */ = {isa = PBXFileReference; fileEncoding = 4; lastKnownFileType = sourcecode.swift; path = MailView.swift; sourceTree = "<group>"; };
		21EBF311266BF4DD00102E0F /* SettingsView.swift */ = {isa = PBXFileReference; fileEncoding = 4; lastKnownFileType = sourcecode.swift; path = SettingsView.swift; sourceTree = "<group>"; };
		21EBF312266BF4DD00102E0F /* FAQSView.swift */ = {isa = PBXFileReference; fileEncoding = 4; lastKnownFileType = sourcecode.swift; path = FAQSView.swift; sourceTree = "<group>"; };
		21EBF31E266BF84F00102E0F /* Info.plist */ = {isa = PBXFileReference; fileEncoding = 4; lastKnownFileType = text.plist.xml; path = Info.plist; sourceTree = "<group>"; };
		5F02FC4294FE77D670D0671A /* Pods_Parkaroo.framework */ = {isa = PBXFileReference; explicitFileType = wrapper.framework; includeInIndex = 0; path = Pods_Parkaroo.framework; sourceTree = BUILT_PRODUCTS_DIR; };
		C76BCD290C9AC820E0CEB197 /* Pods-Parkaroo.debug.xcconfig */ = {isa = PBXFileReference; includeInIndex = 1; lastKnownFileType = text.xcconfig; name = "Pods-Parkaroo.debug.xcconfig"; path = "Target Support Files/Pods-Parkaroo/Pods-Parkaroo.debug.xcconfig"; sourceTree = "<group>"; };
		CBA83E9026540D3100528C7C /* StoreKit.framework */ = {isa = PBXFileReference; lastKnownFileType = wrapper.framework; name = StoreKit.framework; path = System/Library/Frameworks/StoreKit.framework; sourceTree = SDKROOT; };
		D0E8FF601DBC9ABC63E12BFE /* Pods-Parkaroo.release.xcconfig */ = {isa = PBXFileReference; includeInIndex = 1; lastKnownFileType = text.xcconfig; name = "Pods-Parkaroo.release.xcconfig"; path = "Target Support Files/Pods-Parkaroo/Pods-Parkaroo.release.xcconfig"; sourceTree = "<group>"; };
		F700ED1626952CC600061AFF /* CreditsViewModel.swift */ = {isa = PBXFileReference; fileEncoding = 4; lastKnownFileType = sourcecode.swift; path = CreditsViewModel.swift; sourceTree = "<group>"; };
		F700ED1826952CF300061AFF /* StripePaymentSheetPreparationResponse.swift */ = {isa = PBXFileReference; fileEncoding = 4; lastKnownFileType = sourcecode.swift; path = StripePaymentSheetPreparationResponse.swift; sourceTree = "<group>"; };
/* End PBXFileReference section */

/* Begin PBXFrameworksBuildPhase section */
		21295F68256B069100AD0E30 /* Frameworks */ = {
			isa = PBXFrameworksBuildPhase;
			buildActionMask = 2147483647;
			files = (
				DFC7321F1828D9FE0665BEE5 /* Pods_Parkaroo.framework in Frameworks */,
				CBA83E9126540D3200528C7C /* StoreKit.framework in Frameworks */,
			);
			runOnlyForDeploymentPostprocessing = 0;
		};
/* End PBXFrameworksBuildPhase section */

/* Begin PBXGroup section */
		21295F62256B069100AD0E30 = {
			isa = PBXGroup;
			children = (
				21295F6D256B069100AD0E30 /* Parkaroo */,
				21295F6C256B069100AD0E30 /* Products */,
				4ED3D7D9D92D8D812092FB96 /* Frameworks */,
				A9312FCC92550367C197955A /* Pods */,
			);
			sourceTree = "<group>";
		};
		21295F6C256B069100AD0E30 /* Products */ = {
			isa = PBXGroup;
			children = (
				21295F6B256B069100AD0E30 /* Parkaroo.app */,
			);
			name = Products;
			sourceTree = "<group>";
		};
		21295F6D256B069100AD0E30 /* Parkaroo */ = {
			isa = PBXGroup;
			children = (
				21EBF22C266BECD500102E0F /* Parkaroo.entitlements */,
				21EBF2DB266BF0CB00102E0F /* ParkarooApp.swift */,
				CBA83E972655EFD500528C7C /* Services */,
				CB0D34592646D85E00F1470B /* Utilities */,
				21AF56D725D77D8F0061D8BC /* InAppPurchases */,
				21B2942325A0D38B004B8FD3 /* Auth */,
				21B2942925A0D3BF004B8FD3 /* Firestore */,
				215CCD2925D069E10071EEA3 /* Models */,
				21B2940E259EEA5B004B8FD3 /* ViewModels */,
				21B2940D259EEA51004B8FD3 /* Views */,
				21295F72256B069100AD0E30 /* Assets.xcassets */,
				21EBF31E266BF84F00102E0F /* Info.plist */,
				2142EA7B268EB7860070BFFD /* GoogleService-Info.plist */,
				21295F74256B069100AD0E30 /* Preview Content */,
			);
			path = Parkaroo;
			sourceTree = "<group>";
		};
		21295F74256B069100AD0E30 /* Preview Content */ = {
			isa = PBXGroup;
			children = (
				21295F75256B069100AD0E30 /* Preview Assets.xcassets */,
			);
			path = "Preview Content";
			sourceTree = "<group>";
		};
		215CCD2925D069E10071EEA3 /* Models */ = {
			isa = PBXGroup;
			children = (
				F700ED1826952CF300061AFF /* StripePaymentSheetPreparationResponse.swift */,
				21EBF2F7266BF17500102E0F /* Pin.swift */,
			);
			path = Models;
			sourceTree = "<group>";
		};
		21AF56D725D77D8F0061D8BC /* InAppPurchases */ = {
			isa = PBXGroup;
			children = (
				21EBF2E6266BF13400102E0F /* IAPManager.swift */,
				21EBF2E5266BF13400102E0F /* ProductIDs.swift */,
			);
			path = InAppPurchases;
			sourceTree = "<group>";
		};
		21B2940D259EEA51004B8FD3 /* Views */ = {
			isa = PBXGroup;
			children = (
				21EBF2FF266BF2B600102E0F /* ContentView.swift */,
				21EBF2D0266BF09400102E0F /* Onboarding */,
				21EBF2BA266BF01400102E0F /* Menu */,
				21EBF2A2266BEF9200102E0F /* GetSpot */,
				21EBF2AF266BEFD200102E0F /* GiveSpot */,
				21EBF2C5266BF04000102E0F /* Settings */,
				21EBF301266BF44900102E0F /* Miscellaneous */,
			);
			path = Views;
			sourceTree = "<group>";
		};
		21B2940E259EEA5B004B8FD3 /* ViewModels */ = {
			isa = PBXGroup;
			children = (
				F700ED1626952CC600061AFF /* CreditsViewModel.swift */,
				21EBF2F9266BF18900102E0F /* GGRegisterConfirm.swift */,
				21EBF2FB266BF18900102E0F /* LocationTransfer.swift */,
				21EBF2FA266BF18900102E0F /* UserViewModel.swift */,
			);
			path = ViewModels;
			sourceTree = "<group>";
		};
		21B2942325A0D38B004B8FD3 /* Auth */ = {
			isa = PBXGroup;
			children = (
				21EBF2EB266BF15000102E0F /* FBAuth.swift */,
				21EBF2EA266BF15000102E0F /* FBAuthError.swift */,
				21EBF2E9266BF15000102E0F /* UserInfo.swift */,
			);
			path = Auth;
			sourceTree = "<group>";
		};
		21B2942925A0D3BF004B8FD3 /* Firestore */ = {
			isa = PBXGroup;
			children = (
				21EBF2F2266BF16600102E0F /* FBFireStore.swift */,
				21EBF2EF266BF16600102E0F /* FBFireStoreError.swift */,
				21EBF2F1266BF16600102E0F /* FBKeys.swift */,
				21EBF2F0266BF16600102E0F /* FBUser.swift */,
			);
			path = Firestore;
			sourceTree = "<group>";
		};
		21EBF2A2266BEF9200102E0F /* GetSpot */ = {
			isa = PBXGroup;
			children = (
				21EBF2A5266BEFC400102E0F /* GetView.swift */,
				21EBF2A4266BEFC400102E0F /* MapGetView.swift */,
				21EBF2A8266BEFC500102E0F /* GetRequestView.swift */,
				21EBF2A7266BEFC500102E0F /* GetConfirmView.swift */,
				21EBF2A6266BEFC400102E0F /* RateSellerView.swift */,
				21EBF2A3266BEFC400102E0F /* SellerCanceledView.swift */,
			);
			path = GetSpot;
			sourceTree = "<group>";
		};
		21EBF2AF266BEFD200102E0F /* GiveSpot */ = {
			isa = PBXGroup;
			children = (
				21EBF2B4266BEFE600102E0F /* GiveView.swift */,
				21EBF2B2266BEFE600102E0F /* MapGiveView.swift */,
				21EBF2B0266BEFE600102E0F /* GiveRequestView.swift */,
				21EBF2B1266BEFE600102E0F /* GiveConfirmView.swift */,
				21EBF2B3266BEFE600102E0F /* RateBuyerView.swift */,
			);
			path = GiveSpot;
			sourceTree = "<group>";
		};
		21EBF2BA266BF01400102E0F /* Menu */ = {
			isa = PBXGroup;
			children = (
				21EBF2BD266BF03A00102E0F /* MenuView.swift */,
				21EBF2BC266BF03A00102E0F /* CreditsView.swift */,
				21EBF2BE266BF03A00102E0F /* SignUpView.swift */,
				21EBF2BF266BF03A00102E0F /* LoginView.swift */,
			);
			path = Menu;
			sourceTree = "<group>";
		};
		21EBF2C5266BF04000102E0F /* Settings */ = {
			isa = PBXGroup;
			children = (
				21EBF311266BF4DD00102E0F /* SettingsView.swift */,
				21EBF30D266BF4DC00102E0F /* CharityView.swift */,
				21EBF2BB266BF03A00102E0F /* TutorialView.swift */,
				21EBF312266BF4DD00102E0F /* FAQSView.swift */,
				21EBF30E266BF4DC00102E0F /* MailView.swift */,
			);
			path = Settings;
			sourceTree = "<group>";
		};
		21EBF2D0266BF09400102E0F /* Onboarding */ = {
			isa = PBXGroup;
			children = (
				21EBF2D4266BF0A800102E0F /* Board1View.swift */,
				21EBF2D3266BF0A800102E0F /* Board2View.swift */,
				21EBF2D5266BF0A800102E0F /* Board3View.swift */,
				21C146F0269BD7710079BA2D /* IMG_3841.MOV */,
				21EBF2D2266BF0A800102E0F /* FirstLaunchView.swift */,
				21EBF2D1266BF0A800102E0F /* LaunchScreen.storyboard */,
			);
			path = Onboarding;
			sourceTree = "<group>";
		};
		21EBF301266BF44900102E0F /* Miscellaneous */ = {
			isa = PBXGroup;
			children = (
				21EBF303266BF46B00102E0F /* ActivityIndicatorView.swift */,
				21EBF302266BF46B00102E0F /* AppReviewRequest.swift */,
				21EBF305266BF46B00102E0F /* NotificationsSheet.swift */,
				21EBF304266BF46B00102E0F /* RatingView.swift */,
				21EBF306266BF46B00102E0F /* WifiView.swift */,
			);
			path = Miscellaneous;
			sourceTree = "<group>";
		};
		4ED3D7D9D92D8D812092FB96 /* Frameworks */ = {
			isa = PBXGroup;
			children = (
				CBA83E9026540D3100528C7C /* StoreKit.framework */,
				5F02FC4294FE77D670D0671A /* Pods_Parkaroo.framework */,
			);
			name = Frameworks;
			sourceTree = "<group>";
		};
		A9312FCC92550367C197955A /* Pods */ = {
			isa = PBXGroup;
			children = (
				C76BCD290C9AC820E0CEB197 /* Pods-Parkaroo.debug.xcconfig */,
				D0E8FF601DBC9ABC63E12BFE /* Pods-Parkaroo.release.xcconfig */,
			);
			path = Pods;
			sourceTree = "<group>";
		};
		CB0D34592646D85E00F1470B /* Utilities */ = {
			isa = PBXGroup;
			children = (
				21EBF2E1266BF12300102E0F /* Constants.swift */,
				21EBF2E2266BF12400102E0F /* Enums.swift */,
			);
			path = Utilities;
			sourceTree = "<group>";
		};
		CBA83E972655EFD500528C7C /* Services */ = {
			isa = PBXGroup;
			children = (
				21EBF2DD266BF11300102E0F /* LocationService.swift */,
				21EBF2DE266BF11300102E0F /* NotificationsService.swift */,
			);
			path = Services;
			sourceTree = "<group>";
		};
/* End PBXGroup section */

/* Begin PBXNativeTarget section */
		21295F6A256B069100AD0E30 /* Parkaroo */ = {
			isa = PBXNativeTarget;
			buildConfigurationList = 21295F7A256B069100AD0E30 /* Build configuration list for PBXNativeTarget "Parkaroo" */;
			buildPhases = (
				336FE96B65B97092A13B620E /* [CP] Check Pods Manifest.lock */,
				21295F67256B069100AD0E30 /* Sources */,
				21295F68256B069100AD0E30 /* Frameworks */,
				21295F69256B069100AD0E30 /* Resources */,
				49E830119AE93A4FE0FE3751 /* [CP] Embed Pods Frameworks */,
				2148383B25A2447400B5D7AC /* ShellScript */,
			);
			buildRules = (
			);
			dependencies = (
			);
			name = Parkaroo;
			productName = Parkaroo;
			productReference = 21295F6B256B069100AD0E30 /* Parkaroo.app */;
			productType = "com.apple.product-type.application";
		};
/* End PBXNativeTarget section */

/* Begin PBXProject section */
		21295F63256B069100AD0E30 /* Project object */ = {
			isa = PBXProject;
			attributes = {
				LastSwiftUpdateCheck = 1220;
				LastUpgradeCheck = 1220;
				TargetAttributes = {
					21295F6A256B069100AD0E30 = {
						CreatedOnToolsVersion = 12.2;
					};
				};
			};
			buildConfigurationList = 21295F66256B069100AD0E30 /* Build configuration list for PBXProject "Parkaroo" */;
			compatibilityVersion = "Xcode 9.3";
			developmentRegion = en;
			hasScannedForEncodings = 0;
			knownRegions = (
				en,
				Base,
			);
			mainGroup = 21295F62256B069100AD0E30;
			productRefGroup = 21295F6C256B069100AD0E30 /* Products */;
			projectDirPath = "";
			projectRoot = "";
			targets = (
				21295F6A256B069100AD0E30 /* Parkaroo */,
			);
		};
/* End PBXProject section */

/* Begin PBXResourcesBuildPhase section */
		21295F69256B069100AD0E30 /* Resources */ = {
			isa = PBXResourcesBuildPhase;
			buildActionMask = 2147483647;
			files = (
				21EBF2D6266BF0A800102E0F /* LaunchScreen.storyboard in Resources */,
				2142EA7C268EB7870070BFFD /* GoogleService-Info.plist in Resources */,
				21295F76256B069100AD0E30 /* Preview Assets.xcassets in Resources */,
				21C146F1269BD7710079BA2D /* IMG_3841.MOV in Resources */,
				21295F73256B069100AD0E30 /* Assets.xcassets in Resources */,
			);
			runOnlyForDeploymentPostprocessing = 0;
		};
/* End PBXResourcesBuildPhase section */

/* Begin PBXShellScriptBuildPhase section */
		2148383B25A2447400B5D7AC /* ShellScript */ = {
			isa = PBXShellScriptBuildPhase;
			buildActionMask = 2147483647;
			files = (
			);
			inputFileListPaths = (
			);
			inputPaths = (
				"${DWARF_DSYM_FOLDER_PATH}/${DWARF_DSYM_FILE_NAME}/Contents/Resources/DWARF/${TARGET_NAME}",
				"$(SRCROOT)/$(BUILT_PRODUCTS_DIR)/$(INFOPLIST_PATH)",
			);
			outputFileListPaths = (
			);
			outputPaths = (
			);
			runOnlyForDeploymentPostprocessing = 0;
			shellPath = /bin/sh;
			shellScript = "\"${PODS_ROOT}/FirebaseCrashlytics/run\"\n";
		};
		336FE96B65B97092A13B620E /* [CP] Check Pods Manifest.lock */ = {
			isa = PBXShellScriptBuildPhase;
			buildActionMask = 2147483647;
			files = (
			);
			inputFileListPaths = (
			);
			inputPaths = (
				"${PODS_PODFILE_DIR_PATH}/Podfile.lock",
				"${PODS_ROOT}/Manifest.lock",
			);
			name = "[CP] Check Pods Manifest.lock";
			outputFileListPaths = (
			);
			outputPaths = (
				"$(DERIVED_FILE_DIR)/Pods-Parkaroo-checkManifestLockResult.txt",
			);
			runOnlyForDeploymentPostprocessing = 0;
			shellPath = /bin/sh;
			shellScript = "diff \"${PODS_PODFILE_DIR_PATH}/Podfile.lock\" \"${PODS_ROOT}/Manifest.lock\" > /dev/null\nif [ $? != 0 ] ; then\n    # print error to STDERR\n    echo \"error: The sandbox is not in sync with the Podfile.lock. Run 'pod install' or update your CocoaPods installation.\" >&2\n    exit 1\nfi\n# This output is used by Xcode 'outputs' to avoid re-running this script phase.\necho \"SUCCESS\" > \"${SCRIPT_OUTPUT_FILE_0}\"\n";
			showEnvVarsInLog = 0;
		};
		49E830119AE93A4FE0FE3751 /* [CP] Embed Pods Frameworks */ = {
			isa = PBXShellScriptBuildPhase;
			buildActionMask = 2147483647;
			files = (
			);
			inputFileListPaths = (
				"${PODS_ROOT}/Target Support Files/Pods-Parkaroo/Pods-Parkaroo-frameworks-${CONFIGURATION}-input-files.xcfilelist",
			);
			name = "[CP] Embed Pods Frameworks";
			outputFileListPaths = (
				"${PODS_ROOT}/Target Support Files/Pods-Parkaroo/Pods-Parkaroo-frameworks-${CONFIGURATION}-output-files.xcfilelist",
			);
			runOnlyForDeploymentPostprocessing = 0;
			shellPath = /bin/sh;
			shellScript = "\"${PODS_ROOT}/Target Support Files/Pods-Parkaroo/Pods-Parkaroo-frameworks.sh\"\n";
			showEnvVarsInLog = 0;
		};
/* End PBXShellScriptBuildPhase section */

/* Begin PBXSourcesBuildPhase section */
		21295F67256B069100AD0E30 /* Sources */ = {
			isa = PBXSourcesBuildPhase;
			buildActionMask = 2147483647;
			files = (
				21EBF2B7266BEFE600102E0F /* MapGiveView.swift in Sources */,
				21EBF2AE266BEFC500102E0F /* GetRequestView.swift in Sources */,
				21EBF319266BF4DD00102E0F /* FAQSView.swift in Sources */,
				21EBF2AA266BEFC500102E0F /* MapGetView.swift in Sources */,
				F700ED1926952CF300061AFF /* StripePaymentSheetPreparationResponse.swift in Sources */,
				21EBF2B8266BEFE600102E0F /* RateBuyerView.swift in Sources */,
				21EBF30B266BF46B00102E0F /* WifiView.swift in Sources */,
				21EBF2B6266BEFE600102E0F /* GiveConfirmView.swift in Sources */,
				21EBF2FD266BF18900102E0F /* UserViewModel.swift in Sources */,
				21EBF30A266BF46B00102E0F /* NotificationsSheet.swift in Sources */,
				21EBF307266BF46B00102E0F /* AppReviewRequest.swift in Sources */,
				F700ED1726952CC600061AFF /* CreditsViewModel.swift in Sources */,
				21EBF2C2266BF03A00102E0F /* MenuView.swift in Sources */,
				21EBF315266BF4DD00102E0F /* MailView.swift in Sources */,
				21EBF2E3266BF12400102E0F /* Constants.swift in Sources */,
				21EBF314266BF4DD00102E0F /* CharityView.swift in Sources */,
				21EBF2C4266BF03A00102E0F /* LoginView.swift in Sources */,
				21EBF318266BF4DD00102E0F /* SettingsView.swift in Sources */,
				21EBF2FC266BF18900102E0F /* GGRegisterConfirm.swift in Sources */,
				21EBF2E4266BF12400102E0F /* Enums.swift in Sources */,
				21EBF2F6266BF16600102E0F /* FBFireStore.swift in Sources */,
				21EBF2F4266BF16600102E0F /* FBUser.swift in Sources */,
				21EBF2C3266BF03A00102E0F /* SignUpView.swift in Sources */,
				21EBF308266BF46B00102E0F /* ActivityIndicatorView.swift in Sources */,
				21EBF309266BF46B00102E0F /* RatingView.swift in Sources */,
				21EBF2AD266BEFC500102E0F /* GetConfirmView.swift in Sources */,
				21EBF2AB266BEFC500102E0F /* GetView.swift in Sources */,
				21EBF2D7266BF0A800102E0F /* FirstLaunchView.swift in Sources */,
				21EBF2C0266BF03A00102E0F /* TutorialView.swift in Sources */,
				21EBF2F8266BF17500102E0F /* Pin.swift in Sources */,
				21EBF2ED266BF15000102E0F /* FBAuthError.swift in Sources */,
				21EBF2E8266BF13400102E0F /* IAPManager.swift in Sources */,
				21EBF2F3266BF16600102E0F /* FBFireStoreError.swift in Sources */,
				21EBF2DF266BF11300102E0F /* LocationService.swift in Sources */,
				21EBF2B5266BEFE600102E0F /* GiveRequestView.swift in Sources */,
				21EBF2C1266BF03A00102E0F /* CreditsView.swift in Sources */,
				21EBF2D8266BF0A800102E0F /* Board2View.swift in Sources */,
				21EBF2A9266BEFC500102E0F /* SellerCanceledView.swift in Sources */,
				21EBF2E7266BF13400102E0F /* ProductIDs.swift in Sources */,
				21EBF2EE266BF15000102E0F /* FBAuth.swift in Sources */,
				21EBF2DA266BF0A800102E0F /* Board3View.swift in Sources */,
				21EBF300266BF2B600102E0F /* ContentView.swift in Sources */,
				21EBF2FE266BF18900102E0F /* LocationTransfer.swift in Sources */,
				21EBF2E0266BF11300102E0F /* NotificationsService.swift in Sources */,
				21EBF2B9266BEFE600102E0F /* GiveView.swift in Sources */,
				21EBF2F5266BF16600102E0F /* FBKeys.swift in Sources */,
				21EBF2DC266BF0CB00102E0F /* ParkarooApp.swift in Sources */,
				21EBF2AC266BEFC500102E0F /* RateSellerView.swift in Sources */,
				21EBF2D9266BF0A800102E0F /* Board1View.swift in Sources */,
				21EBF2EC266BF15000102E0F /* UserInfo.swift in Sources */,
			);
			runOnlyForDeploymentPostprocessing = 0;
		};
/* End PBXSourcesBuildPhase section */

/* Begin XCBuildConfiguration section */
		21295F78256B069100AD0E30 /* Debug */ = {
			isa = XCBuildConfiguration;
			buildSettings = {
				ALWAYS_SEARCH_USER_PATHS = NO;
				CLANG_ANALYZER_NONNULL = YES;
				CLANG_ANALYZER_NUMBER_OBJECT_CONVERSION = YES_AGGRESSIVE;
				CLANG_CXX_LANGUAGE_STANDARD = "gnu++14";
				CLANG_CXX_LIBRARY = "libc++";
				CLANG_ENABLE_MODULES = YES;
				CLANG_ENABLE_OBJC_ARC = YES;
				CLANG_ENABLE_OBJC_WEAK = YES;
				CLANG_WARN_BLOCK_CAPTURE_AUTORELEASING = YES;
				CLANG_WARN_BOOL_CONVERSION = YES;
				CLANG_WARN_COMMA = YES;
				CLANG_WARN_CONSTANT_CONVERSION = YES;
				CLANG_WARN_DEPRECATED_OBJC_IMPLEMENTATIONS = YES;
				CLANG_WARN_DIRECT_OBJC_ISA_USAGE = YES_ERROR;
				CLANG_WARN_DOCUMENTATION_COMMENTS = YES;
				CLANG_WARN_EMPTY_BODY = YES;
				CLANG_WARN_ENUM_CONVERSION = YES;
				CLANG_WARN_INFINITE_RECURSION = YES;
				CLANG_WARN_INT_CONVERSION = YES;
				CLANG_WARN_NON_LITERAL_NULL_CONVERSION = YES;
				CLANG_WARN_OBJC_IMPLICIT_RETAIN_SELF = YES;
				CLANG_WARN_OBJC_LITERAL_CONVERSION = YES;
				CLANG_WARN_OBJC_ROOT_CLASS = YES_ERROR;
				CLANG_WARN_QUOTED_INCLUDE_IN_FRAMEWORK_HEADER = YES;
				CLANG_WARN_RANGE_LOOP_ANALYSIS = YES;
				CLANG_WARN_STRICT_PROTOTYPES = YES;
				CLANG_WARN_SUSPICIOUS_MOVE = YES;
				CLANG_WARN_UNGUARDED_AVAILABILITY = YES_AGGRESSIVE;
				CLANG_WARN_UNREACHABLE_CODE = YES;
				CLANG_WARN__DUPLICATE_METHOD_MATCH = YES;
				COPY_PHASE_STRIP = NO;
				DEBUG_INFORMATION_FORMAT = "dwarf-with-dsym";
				ENABLE_STRICT_OBJC_MSGSEND = YES;
				ENABLE_TESTABILITY = YES;
				GCC_C_LANGUAGE_STANDARD = gnu11;
				GCC_DYNAMIC_NO_PIC = NO;
				GCC_NO_COMMON_BLOCKS = YES;
				GCC_OPTIMIZATION_LEVEL = 0;
				GCC_PREPROCESSOR_DEFINITIONS = (
					"DEBUG=1",
					"$(inherited)",
				);
				GCC_WARN_64_TO_32_BIT_CONVERSION = YES;
				GCC_WARN_ABOUT_RETURN_TYPE = YES_ERROR;
				GCC_WARN_UNDECLARED_SELECTOR = YES;
				GCC_WARN_UNINITIALIZED_AUTOS = YES_AGGRESSIVE;
				GCC_WARN_UNUSED_FUNCTION = YES;
				GCC_WARN_UNUSED_VARIABLE = YES;
				IPHONEOS_DEPLOYMENT_TARGET = 14.1;
				MTL_ENABLE_DEBUG_INFO = INCLUDE_SOURCE;
				MTL_FAST_MATH = YES;
				ONLY_ACTIVE_ARCH = YES;
				SDKROOT = iphoneos;
				SWIFT_ACTIVE_COMPILATION_CONDITIONS = DEBUG;
				SWIFT_OPTIMIZATION_LEVEL = "-Onone";
			};
			name = Debug;
		};
		21295F79256B069100AD0E30 /* Release */ = {
			isa = XCBuildConfiguration;
			buildSettings = {
				ALWAYS_SEARCH_USER_PATHS = NO;
				CLANG_ANALYZER_NONNULL = YES;
				CLANG_ANALYZER_NUMBER_OBJECT_CONVERSION = YES_AGGRESSIVE;
				CLANG_CXX_LANGUAGE_STANDARD = "gnu++14";
				CLANG_CXX_LIBRARY = "libc++";
				CLANG_ENABLE_MODULES = YES;
				CLANG_ENABLE_OBJC_ARC = YES;
				CLANG_ENABLE_OBJC_WEAK = YES;
				CLANG_WARN_BLOCK_CAPTURE_AUTORELEASING = YES;
				CLANG_WARN_BOOL_CONVERSION = YES;
				CLANG_WARN_COMMA = YES;
				CLANG_WARN_CONSTANT_CONVERSION = YES;
				CLANG_WARN_DEPRECATED_OBJC_IMPLEMENTATIONS = YES;
				CLANG_WARN_DIRECT_OBJC_ISA_USAGE = YES_ERROR;
				CLANG_WARN_DOCUMENTATION_COMMENTS = YES;
				CLANG_WARN_EMPTY_BODY = YES;
				CLANG_WARN_ENUM_CONVERSION = YES;
				CLANG_WARN_INFINITE_RECURSION = YES;
				CLANG_WARN_INT_CONVERSION = YES;
				CLANG_WARN_NON_LITERAL_NULL_CONVERSION = YES;
				CLANG_WARN_OBJC_IMPLICIT_RETAIN_SELF = YES;
				CLANG_WARN_OBJC_LITERAL_CONVERSION = YES;
				CLANG_WARN_OBJC_ROOT_CLASS = YES_ERROR;
				CLANG_WARN_QUOTED_INCLUDE_IN_FRAMEWORK_HEADER = YES;
				CLANG_WARN_RANGE_LOOP_ANALYSIS = YES;
				CLANG_WARN_STRICT_PROTOTYPES = YES;
				CLANG_WARN_SUSPICIOUS_MOVE = YES;
				CLANG_WARN_UNGUARDED_AVAILABILITY = YES_AGGRESSIVE;
				CLANG_WARN_UNREACHABLE_CODE = YES;
				CLANG_WARN__DUPLICATE_METHOD_MATCH = YES;
				COPY_PHASE_STRIP = NO;
				DEBUG_INFORMATION_FORMAT = "dwarf-with-dsym";
				ENABLE_NS_ASSERTIONS = NO;
				ENABLE_STRICT_OBJC_MSGSEND = YES;
				GCC_C_LANGUAGE_STANDARD = gnu11;
				GCC_NO_COMMON_BLOCKS = YES;
				GCC_WARN_64_TO_32_BIT_CONVERSION = YES;
				GCC_WARN_ABOUT_RETURN_TYPE = YES_ERROR;
				GCC_WARN_UNDECLARED_SELECTOR = YES;
				GCC_WARN_UNINITIALIZED_AUTOS = YES_AGGRESSIVE;
				GCC_WARN_UNUSED_FUNCTION = YES;
				GCC_WARN_UNUSED_VARIABLE = YES;
				IPHONEOS_DEPLOYMENT_TARGET = 14.1;
				MTL_ENABLE_DEBUG_INFO = NO;
				MTL_FAST_MATH = YES;
				SDKROOT = iphoneos;
				SWIFT_COMPILATION_MODE = wholemodule;
				SWIFT_OPTIMIZATION_LEVEL = "-O";
				VALIDATE_PRODUCT = YES;
			};
			name = Release;
		};
		21295F7B256B069100AD0E30 /* Debug */ = {
			isa = XCBuildConfiguration;
			baseConfigurationReference = C76BCD290C9AC820E0CEB197 /* Pods-Parkaroo.debug.xcconfig */;
			buildSettings = {
				ASSETCATALOG_COMPILER_APPICON_NAME = AppIcon;
				ASSETCATALOG_COMPILER_GLOBAL_ACCENT_COLOR_NAME = AccentColor;
				CODE_SIGN_ENTITLEMENTS = Parkaroo/Parkaroo.entitlements;
				CODE_SIGN_IDENTITY = "Apple Development";
				CODE_SIGN_STYLE = Automatic;
				CURRENT_PROJECT_VERSION = 1;
				DEBUG_INFORMATION_FORMAT = "dwarf-with-dsym";
				DEVELOPMENT_ASSET_PATHS = "\"Parkaroo/Preview Content\"";
				DEVELOPMENT_TEAM = VVWUKNQA45;
				ENABLE_PREVIEWS = YES;
				INFOPLIST_FILE = Parkaroo/Info.plist;
				IPHONEOS_DEPLOYMENT_TARGET = 14.0;
				LD_RUNPATH_SEARCH_PATHS = (
					"$(inherited)",
					"@executable_path/Frameworks",
				);
				MARKETING_VERSION = 1.4;
				PRODUCT_BUNDLE_IDENTIFIER = org.parkaroo.maxrome;
				PRODUCT_NAME = "$(TARGET_NAME)";
				PROVISIONING_PROFILE_SPECIFIER = "";
				SWIFT_VERSION = 5.0;
				TARGETED_DEVICE_FAMILY = 1;
			};
			name = Debug;
		};
		21295F7C256B069100AD0E30 /* Release */ = {
			isa = XCBuildConfiguration;
			baseConfigurationReference = D0E8FF601DBC9ABC63E12BFE /* Pods-Parkaroo.release.xcconfig */;
			buildSettings = {
				ASSETCATALOG_COMPILER_APPICON_NAME = AppIcon;
				ASSETCATALOG_COMPILER_GLOBAL_ACCENT_COLOR_NAME = AccentColor;
				CODE_SIGN_ENTITLEMENTS = Parkaroo/Parkaroo.entitlements;
				CODE_SIGN_IDENTITY = "Apple Development";
				CODE_SIGN_STYLE = Automatic;
				CURRENT_PROJECT_VERSION = 1;
				DEVELOPMENT_ASSET_PATHS = "\"Parkaroo/Preview Content\"";
				DEVELOPMENT_TEAM = VVWUKNQA45;
				ENABLE_PREVIEWS = YES;
				INFOPLIST_FILE = Parkaroo/Info.plist;
				IPHONEOS_DEPLOYMENT_TARGET = 14.0;
				LD_RUNPATH_SEARCH_PATHS = (
					"$(inherited)",
					"@executable_path/Frameworks",
				);
				MARKETING_VERSION = 1.4;
				PRODUCT_BUNDLE_IDENTIFIER = org.parkaroo.maxrome;
				PRODUCT_NAME = "$(TARGET_NAME)";
				PROVISIONING_PROFILE_SPECIFIER = "";
				SWIFT_VERSION = 5.0;
				TARGETED_DEVICE_FAMILY = 1;
			};
			name = Release;
		};
/* End XCBuildConfiguration section */

/* Begin XCConfigurationList section */
		21295F66256B069100AD0E30 /* Build configuration list for PBXProject "Parkaroo" */ = {
			isa = XCConfigurationList;
			buildConfigurations = (
				21295F78256B069100AD0E30 /* Debug */,
				21295F79256B069100AD0E30 /* Release */,
			);
			defaultConfigurationIsVisible = 0;
			defaultConfigurationName = Release;
		};
		21295F7A256B069100AD0E30 /* Build configuration list for PBXNativeTarget "Parkaroo" */ = {
			isa = XCConfigurationList;
			buildConfigurations = (
				21295F7B256B069100AD0E30 /* Debug */,
				21295F7C256B069100AD0E30 /* Release */,
			);
			defaultConfigurationIsVisible = 0;
			defaultConfigurationName = Release;
		};
/* End XCConfigurationList section */
	};
	rootObject = 21295F63256B069100AD0E30 /* Project object */;
}
